// !$*UTF8*$!
{
	archiveVersion = 1;
	classes = {
	};
	objectVersion = 48;
	objects = {

/* Begin PBXBuildFile section */
		9C043658202C94B900671DA2 /* AppDelegate.swift in Sources */ = {isa = PBXBuildFile; fileRef = 9C04364A202C94B900671DA2 /* AppDelegate.swift */; };
		9C04365A202C94B900671DA2 /* Assets.xcassets in Resources */ = {isa = PBXBuildFile; fileRef = 9C04364F202C94B900671DA2 /* Assets.xcassets */; };
		9C04365B202C94B900671DA2 /* LaunchScreen.storyboard in Resources */ = {isa = PBXBuildFile; fileRef = 9C043650202C94B900671DA2 /* LaunchScreen.storyboard */; };
		9C04365C202C94B900671DA2 /* Main.storyboard in Resources */ = {isa = PBXBuildFile; fileRef = 9C043652202C94B900671DA2 /* Main.storyboard */; };
		9C04365D202C94B900671DA2 /* ViewController.swift in Sources */ = {isa = PBXBuildFile; fileRef = 9C043657202C94B900671DA2 /* ViewController.swift */; };
		9C043673202C968D00671DA2 /* keccak.c in Sources */ = {isa = PBXBuildFile; fileRef = 9C04365F202C968D00671DA2 /* keccak.c */; };
		9C043674202C968D00671DA2 /* blake.c in Sources */ = {isa = PBXBuildFile; fileRef = 9C043662202C968D00671DA2 /* blake.c */; };
		9C043675202C968D00671DA2 /* jh_ansi_opt64.c in Sources */ = {isa = PBXBuildFile; fileRef = 9C043667202C968D00671DA2 /* jh_ansi_opt64.c */; };
		9C043676202C968D00671DA2 /* oaes_lib.c in Sources */ = {isa = PBXBuildFile; fileRef = 9C04366A202C968D00671DA2 /* oaes_lib.c */; };
		9C043677202C968D00671DA2 /* groestl.c in Sources */ = {isa = PBXBuildFile; fileRef = 9C04366C202C968D00671DA2 /* groestl.c */; };
		9C043678202C968D00671DA2 /* cryptonight.c in Sources */ = {isa = PBXBuildFile; fileRef = 9C04366F202C968D00671DA2 /* cryptonight.c */; };
		9C043679202C968D00671DA2 /* skein.c in Sources */ = {isa = PBXBuildFile; fileRef = 9C043670202C968D00671DA2 /* skein.c */; };
		9C04367A202C968D00671DA2 /* aesb.c in Sources */ = {isa = PBXBuildFile; fileRef = 9C043672202C968D00671DA2 /* aesb.c */; };
		9C04367D202C975800671DA2 /* HashContext.mm in Sources */ = {isa = PBXBuildFile; fileRef = 9C04367B202C975800671DA2 /* HashContext.mm */; };
		BBCFE2412940BF658F2DA54B /* Pods_BlockChain_Coin.framework in Frameworks */ = {isa = PBXBuildFile; fileRef = BA48FC4D40854E9793F5AC5B /* Pods_BlockChain_Coin.framework */; };
/* End PBXBuildFile section */

/* Begin PBXFileReference section */
		15AE16556D515C8C91FE1243 /* Pods-BlockChain-Coin.release.xcconfig */ = {isa = PBXFileReference; includeInIndex = 1; lastKnownFileType = text.xcconfig; name = "Pods-BlockChain-Coin.release.xcconfig"; path = "Pods/Target Support Files/Pods-BlockChain-Coin/Pods-BlockChain-Coin.release.xcconfig"; sourceTree = "<group>"; };
		9C043633202C908B00671DA2 /* BlockChain-Coin.app */ = {isa = PBXFileReference; explicitFileType = wrapper.application; includeInIndex = 0; path = "BlockChain-Coin.app"; sourceTree = BUILT_PRODUCTS_DIR; };
		9C043648202C94B800671DA2 /* BlockChain-Coin-Bridging-Header.h */ = {isa = PBXFileReference; lastKnownFileType = sourcecode.c.h; path = "BlockChain-Coin-Bridging-Header.h"; sourceTree = "<group>"; };
		9C04364A202C94B900671DA2 /* AppDelegate.swift */ = {isa = PBXFileReference; fileEncoding = 4; lastKnownFileType = sourcecode.swift; path = AppDelegate.swift; sourceTree = "<group>"; };
		9C04364C202C94B900671DA2 /* Info.plist */ = {isa = PBXFileReference; fileEncoding = 4; lastKnownFileType = text.plist.xml; path = Info.plist; sourceTree = "<group>"; };
		9C04364F202C94B900671DA2 /* Assets.xcassets */ = {isa = PBXFileReference; lastKnownFileType = folder.assetcatalog; path = Assets.xcassets; sourceTree = "<group>"; };
		9C043651202C94B900671DA2 /* Base */ = {isa = PBXFileReference; lastKnownFileType = file.storyboard; name = Base; path = Base.lproj/LaunchScreen.storyboard; sourceTree = "<group>"; };
		9C043653202C94B900671DA2 /* Base */ = {isa = PBXFileReference; lastKnownFileType = file.storyboard; name = Base; path = Base.lproj/Main.storyboard; sourceTree = "<group>"; };
		9C043657202C94B900671DA2 /* ViewController.swift */ = {isa = PBXFileReference; fileEncoding = 4; lastKnownFileType = sourcecode.swift; path = ViewController.swift; sourceTree = "<group>"; };
		9C04365F202C968D00671DA2 /* keccak.c */ = {isa = PBXFileReference; fileEncoding = 4; lastKnownFileType = sourcecode.c.c; path = keccak.c; sourceTree = "<group>"; };
		9C043660202C968D00671DA2 /* groestl.h */ = {isa = PBXFileReference; fileEncoding = 4; lastKnownFileType = sourcecode.c.h; path = groestl.h; sourceTree = "<group>"; };
		9C043661202C968D00671DA2 /* oaes_config.h */ = {isa = PBXFileReference; fileEncoding = 4; lastKnownFileType = sourcecode.c.h; path = oaes_config.h; sourceTree = "<group>"; };
		9C043662202C968D00671DA2 /* blake.c */ = {isa = PBXFileReference; fileEncoding = 4; lastKnownFileType = sourcecode.c.c; path = blake.c; sourceTree = "<group>"; };
		9C043663202C968D00671DA2 /* skein.h */ = {isa = PBXFileReference; fileEncoding = 4; lastKnownFileType = sourcecode.c.h; path = skein.h; sourceTree = "<group>"; };
		9C043664202C968D00671DA2 /* skein_port.h */ = {isa = PBXFileReference; fileEncoding = 4; lastKnownFileType = sourcecode.c.h; path = skein_port.h; sourceTree = "<group>"; };
		9C043666202C968D00671DA2 /* jh.h */ = {isa = PBXFileReference; fileEncoding = 4; lastKnownFileType = sourcecode.c.h; path = jh.h; sourceTree = "<group>"; };
		9C043667202C968D00671DA2 /* jh_ansi_opt64.c */ = {isa = PBXFileReference; fileEncoding = 4; lastKnownFileType = sourcecode.c.c; path = jh_ansi_opt64.c; sourceTree = "<group>"; };
		9C043668202C968D00671DA2 /* groestl_tables.h */ = {isa = PBXFileReference; fileEncoding = 4; lastKnownFileType = sourcecode.c.h; path = groestl_tables.h; sourceTree = "<group>"; };
		9C043669202C968D00671DA2 /* cryptonight.h */ = {isa = PBXFileReference; fileEncoding = 4; lastKnownFileType = sourcecode.c.h; path = cryptonight.h; sourceTree = "<group>"; };
		9C04366A202C968D00671DA2 /* oaes_lib.c */ = {isa = PBXFileReference; fileEncoding = 4; lastKnownFileType = sourcecode.c.c; path = oaes_lib.c; sourceTree = "<group>"; };
		9C04366B202C968D00671DA2 /* aesb.h */ = {isa = PBXFileReference; fileEncoding = 4; lastKnownFileType = sourcecode.c.h; path = aesb.h; sourceTree = "<group>"; };
		9C04366C202C968D00671DA2 /* groestl.c */ = {isa = PBXFileReference; fileEncoding = 4; lastKnownFileType = sourcecode.c.c; path = groestl.c; sourceTree = "<group>"; };
		9C04366D202C968D00671DA2 /* keccak.h */ = {isa = PBXFileReference; fileEncoding = 4; lastKnownFileType = sourcecode.c.h; path = keccak.h; sourceTree = "<group>"; };
		9C04366E202C968D00671DA2 /* oaes_lib.h */ = {isa = PBXFileReference; fileEncoding = 4; lastKnownFileType = sourcecode.c.h; path = oaes_lib.h; sourceTree = "<group>"; };
		9C04366F202C968D00671DA2 /* cryptonight.c */ = {isa = PBXFileReference; fileEncoding = 4; lastKnownFileType = sourcecode.c.c; path = cryptonight.c; sourceTree = "<group>"; };
		9C043670202C968D00671DA2 /* skein.c */ = {isa = PBXFileReference; fileEncoding = 4; lastKnownFileType = sourcecode.c.c; path = skein.c; sourceTree = "<group>"; };
		9C043671202C968D00671DA2 /* blake.h */ = {isa = PBXFileReference; fileEncoding = 4; lastKnownFileType = sourcecode.c.h; path = blake.h; sourceTree = "<group>"; };
		9C043672202C968D00671DA2 /* aesb.c */ = {isa = PBXFileReference; fileEncoding = 4; lastKnownFileType = sourcecode.c.c; path = aesb.c; sourceTree = "<group>"; };
		9C04367B202C975800671DA2 /* HashContext.mm */ = {isa = PBXFileReference; fileEncoding = 4; lastKnownFileType = sourcecode.cpp.objcpp; path = HashContext.mm; sourceTree = "<group>"; };
		9C04367C202C975800671DA2 /* HashContext.h */ = {isa = PBXFileReference; fileEncoding = 4; lastKnownFileType = sourcecode.c.h; path = HashContext.h; sourceTree = "<group>"; };
		BA48FC4D40854E9793F5AC5B /* Pods_BlockChain_Coin.framework */ = {isa = PBXFileReference; explicitFileType = wrapper.framework; includeInIndex = 0; path = Pods_BlockChain_Coin.framework; sourceTree = BUILT_PRODUCTS_DIR; };
		FE987B8E95BB24446DE0C71C /* Pods-BlockChain-Coin.debug.xcconfig */ = {isa = PBXFileReference; includeInIndex = 1; lastKnownFileType = text.xcconfig; name = "Pods-BlockChain-Coin.debug.xcconfig"; path = "Pods/Target Support Files/Pods-BlockChain-Coin/Pods-BlockChain-Coin.debug.xcconfig"; sourceTree = "<group>"; };
/* End PBXFileReference section */

/* Begin PBXFrameworksBuildPhase section */
		9C043630202C908B00671DA2 /* Frameworks */ = {
			isa = PBXFrameworksBuildPhase;
			buildActionMask = 2147483647;
			files = (
				BBCFE2412940BF658F2DA54B /* Pods_BlockChain_Coin.framework in Frameworks */,
			);
			runOnlyForDeploymentPostprocessing = 0;
		};
/* End PBXFrameworksBuildPhase section */

/* Begin PBXGroup section */
		0DB08BF8DD8FDB80CC4DDE0E /* Pods */ = {
			isa = PBXGroup;
			children = (
				FE987B8E95BB24446DE0C71C /* Pods-BlockChain-Coin.debug.xcconfig */,
				15AE16556D515C8C91FE1243 /* Pods-BlockChain-Coin.release.xcconfig */,
			);
			name = Pods;
			sourceTree = "<group>";
		};
		9C04362A202C908B00671DA2 = {
			isa = PBXGroup;
			children = (
				9C043635202C908B00671DA2 /* BlockChain-Coin */,
				9C043634202C908B00671DA2 /* Products */,
				0DB08BF8DD8FDB80CC4DDE0E /* Pods */,
				E7FB8072BE54AD3A07BF5178 /* Frameworks */,
			);
			sourceTree = "<group>";
		};
		9C043634202C908B00671DA2 /* Products */ = {
			isa = PBXGroup;
			children = (
				9C043633202C908B00671DA2 /* BlockChain-Coin.app */,
			);
			name = Products;
			sourceTree = "<group>";
		};
		9C043635202C908B00671DA2 /* BlockChain-Coin */ = {
			isa = PBXGroup;
			children = (
				9C04364A202C94B900671DA2 /* AppDelegate.swift */,
				9C043656202C94B900671DA2 /* Scenes */,
				9C043649202C94B900671DA2 /* Models */,
				9C04364D202C94B900671DA2 /* Services */,
				9C043654202C94B900671DA2 /* Workers */,
				9C043655202C94B900671DA2 /* Common */,
				9C04364B202C94B900671DA2 /* Supporting Files */,
				9C04364E202C94B900671DA2 /* Assets */,
				9C043648202C94B800671DA2 /* BlockChain-Coin-Bridging-Header.h */,
			);
			path = "BlockChain-Coin";
			sourceTree = "<group>";
		};
		9C043649202C94B900671DA2 /* Models */ = {
			isa = PBXGroup;
			children = (
			);
			path = Models;
			sourceTree = "<group>";
		};
		9C04364B202C94B900671DA2 /* Supporting Files */ = {
			isa = PBXGroup;
			children = (
				9C04364C202C94B900671DA2 /* Info.plist */,
			);
			path = "Supporting Files";
			sourceTree = "<group>";
		};
		9C04364D202C94B900671DA2 /* Services */ = {
			isa = PBXGroup;
			children = (
			);
			path = Services;
			sourceTree = "<group>";
		};
		9C04364E202C94B900671DA2 /* Assets */ = {
			isa = PBXGroup;
			children = (
				9C04364F202C94B900671DA2 /* Assets.xcassets */,
				9C043650202C94B900671DA2 /* LaunchScreen.storyboard */,
				9C043652202C94B900671DA2 /* Main.storyboard */,
			);
			path = Assets;
			sourceTree = "<group>";
		};
		9C043654202C94B900671DA2 /* Workers */ = {
			isa = PBXGroup;
			children = (
			);
			path = Workers;
			sourceTree = "<group>";
		};
		9C043655202C94B900671DA2 /* Common */ = {
			isa = PBXGroup;
			children = (
				9C04367C202C975800671DA2 /* HashContext.h */,
				9C04367B202C975800671DA2 /* HashContext.mm */,
				9C04365E202C968D00671DA2 /* Cryptonight */,
			);
			path = Common;
			sourceTree = "<group>";
		};
		9C043656202C94B900671DA2 /* Scenes */ = {
			isa = PBXGroup;
			children = (
				9C043657202C94B900671DA2 /* ViewController.swift */,
			);
			path = Scenes;
			sourceTree = "<group>";
		};
		9C04365E202C968D00671DA2 /* Cryptonight */ = {
			isa = PBXGroup;
			children = (
				9C04365F202C968D00671DA2 /* keccak.c */,
				9C043660202C968D00671DA2 /* groestl.h */,
				9C043661202C968D00671DA2 /* oaes_config.h */,
				9C043662202C968D00671DA2 /* blake.c */,
				9C043663202C968D00671DA2 /* skein.h */,
				9C043664202C968D00671DA2 /* skein_port.h */,
				9C043665202C968D00671DA2 /* jh */,
				9C043668202C968D00671DA2 /* groestl_tables.h */,
				9C043669202C968D00671DA2 /* cryptonight.h */,
				9C04366A202C968D00671DA2 /* oaes_lib.c */,
				9C04366B202C968D00671DA2 /* aesb.h */,
				9C04366C202C968D00671DA2 /* groestl.c */,
				9C04366D202C968D00671DA2 /* keccak.h */,
				9C04366E202C968D00671DA2 /* oaes_lib.h */,
				9C04366F202C968D00671DA2 /* cryptonight.c */,
				9C043670202C968D00671DA2 /* skein.c */,
				9C043671202C968D00671DA2 /* blake.h */,
				9C043672202C968D00671DA2 /* aesb.c */,
			);
			path = Cryptonight;
			sourceTree = "<group>";
		};
		9C043665202C968D00671DA2 /* jh */ = {
			isa = PBXGroup;
			children = (
				9C043666202C968D00671DA2 /* jh.h */,
				9C043667202C968D00671DA2 /* jh_ansi_opt64.c */,
			);
			path = jh;
			sourceTree = "<group>";
		};
		E7FB8072BE54AD3A07BF5178 /* Frameworks */ = {
			isa = PBXGroup;
			children = (
				BA48FC4D40854E9793F5AC5B /* Pods_BlockChain_Coin.framework */,
			);
			name = Frameworks;
			sourceTree = "<group>";
		};
/* End PBXGroup section */

/* Begin PBXNativeTarget section */
		9C043632202C908B00671DA2 /* BlockChain-Coin */ = {
			isa = PBXNativeTarget;
			buildConfigurationList = 9C043645202C908B00671DA2 /* Build configuration list for PBXNativeTarget "BlockChain-Coin" */;
			buildPhases = (
				D81DD7203BF6FFE8B98F5988 /* [CP] Check Pods Manifest.lock */,
				9C04362F202C908B00671DA2 /* Sources */,
				9C043630202C908B00671DA2 /* Frameworks */,
				9C043631202C908B00671DA2 /* Resources */,
				7BC59555B1269A6EB9FD2305 /* [CP] Embed Pods Frameworks */,
				A7878BB7F3EAA1350E40CE32 /* [CP] Copy Pods Resources */,
			);
			buildRules = (
			);
			dependencies = (
			);
			name = "BlockChain-Coin";
			productName = "BlockChain-Coin";
			productReference = 9C043633202C908B00671DA2 /* BlockChain-Coin.app */;
			productType = "com.apple.product-type.application";
		};
/* End PBXNativeTarget section */

/* Begin PBXProject section */
		9C04362B202C908B00671DA2 /* Project object */ = {
			isa = PBXProject;
			attributes = {
				LastSwiftUpdateCheck = 0920;
				LastUpgradeCheck = 0920;
				ORGANIZATIONNAME = "BlockChain-Coin.net";
				TargetAttributes = {
					9C043632202C908B00671DA2 = {
						CreatedOnToolsVersion = 9.2;
						LastSwiftMigration = 0920;
						ProvisioningStyle = Automatic;
					};
				};
			};
			buildConfigurationList = 9C04362E202C908B00671DA2 /* Build configuration list for PBXProject "BlockChain-Coin" */;
			compatibilityVersion = "Xcode 8.0";
			developmentRegion = en;
			hasScannedForEncodings = 0;
			knownRegions = (
				en,
				Base,
			);
			mainGroup = 9C04362A202C908B00671DA2;
			productRefGroup = 9C043634202C908B00671DA2 /* Products */;
			projectDirPath = "";
			projectRoot = "";
			targets = (
				9C043632202C908B00671DA2 /* BlockChain-Coin */,
			);
		};
/* End PBXProject section */

/* Begin PBXResourcesBuildPhase section */
		9C043631202C908B00671DA2 /* Resources */ = {
			isa = PBXResourcesBuildPhase;
			buildActionMask = 2147483647;
			files = (
				9C04365B202C94B900671DA2 /* LaunchScreen.storyboard in Resources */,
				9C04365A202C94B900671DA2 /* Assets.xcassets in Resources */,
				9C04365C202C94B900671DA2 /* Main.storyboard in Resources */,
			);
			runOnlyForDeploymentPostprocessing = 0;
		};
/* End PBXResourcesBuildPhase section */

/* Begin PBXShellScriptBuildPhase section */
		7BC59555B1269A6EB9FD2305 /* [CP] Embed Pods Frameworks */ = {
			isa = PBXShellScriptBuildPhase;
			buildActionMask = 2147483647;
			files = (
			);
			inputPaths = (
				"${SRCROOT}/Pods/Target Support Files/Pods-BlockChain-Coin/Pods-BlockChain-Coin-frameworks.sh",
				"${BUILT_PRODUCTS_DIR}/CocoaAsyncSocket/CocoaAsyncSocket.framework",
			);
			name = "[CP] Embed Pods Frameworks";
			outputPaths = (
				"${TARGET_BUILD_DIR}/${FRAMEWORKS_FOLDER_PATH}/CocoaAsyncSocket.framework",
			);
			runOnlyForDeploymentPostprocessing = 0;
			shellPath = /bin/sh;
			shellScript = "\"${SRCROOT}/Pods/Target Support Files/Pods-BlockChain-Coin/Pods-BlockChain-Coin-frameworks.sh\"\n";
			showEnvVarsInLog = 0;
		};
		A7878BB7F3EAA1350E40CE32 /* [CP] Copy Pods Resources */ = {
			isa = PBXShellScriptBuildPhase;
			buildActionMask = 2147483647;
			files = (
			);
			inputPaths = (
			);
			name = "[CP] Copy Pods Resources";
			outputPaths = (
			);
			runOnlyForDeploymentPostprocessing = 0;
			shellPath = /bin/sh;
			shellScript = "\"${SRCROOT}/Pods/Target Support Files/Pods-BlockChain-Coin/Pods-BlockChain-Coin-resources.sh\"\n";
			showEnvVarsInLog = 0;
		};
		D81DD7203BF6FFE8B98F5988 /* [CP] Check Pods Manifest.lock */ = {
			isa = PBXShellScriptBuildPhase;
			buildActionMask = 2147483647;
			files = (
			);
			inputPaths = (
				"${PODS_PODFILE_DIR_PATH}/Podfile.lock",
				"${PODS_ROOT}/Manifest.lock",
			);
			name = "[CP] Check Pods Manifest.lock";
			outputPaths = (
				"$(DERIVED_FILE_DIR)/Pods-BlockChain-Coin-checkManifestLockResult.txt",
			);
			runOnlyForDeploymentPostprocessing = 0;
			shellPath = /bin/sh;
			shellScript = "diff \"${PODS_PODFILE_DIR_PATH}/Podfile.lock\" \"${PODS_ROOT}/Manifest.lock\" > /dev/null\nif [ $? != 0 ] ; then\n    # print error to STDERR\n    echo \"error: The sandbox is not in sync with the Podfile.lock. Run 'pod install' or update your CocoaPods installation.\" >&2\n    exit 1\nfi\n# This output is used by Xcode 'outputs' to avoid re-running this script phase.\necho \"SUCCESS\" > \"${SCRIPT_OUTPUT_FILE_0}\"\n";
			showEnvVarsInLog = 0;
		};
/* End PBXShellScriptBuildPhase section */

/* Begin PBXSourcesBuildPhase section */
		9C04362F202C908B00671DA2 /* Sources */ = {
			isa = PBXSourcesBuildPhase;
			buildActionMask = 2147483647;
			files = (
				9C04367D202C975800671DA2 /* HashContext.mm in Sources */,
				9C04367A202C968D00671DA2 /* aesb.c in Sources */,
				9C04365D202C94B900671DA2 /* ViewController.swift in Sources */,
				9C043678202C968D00671DA2 /* cryptonight.c in Sources */,
				9C043673202C968D00671DA2 /* keccak.c in Sources */,
				9C043675202C968D00671DA2 /* jh_ansi_opt64.c in Sources */,
				9C043658202C94B900671DA2 /* AppDelegate.swift in Sources */,
				9C043674202C968D00671DA2 /* blake.c in Sources */,
				9C043679202C968D00671DA2 /* skein.c in Sources */,
				9C043676202C968D00671DA2 /* oaes_lib.c in Sources */,
				9C043677202C968D00671DA2 /* groestl.c in Sources */,
			);
			runOnlyForDeploymentPostprocessing = 0;
		};
/* End PBXSourcesBuildPhase section */

/* Begin PBXVariantGroup section */
		9C043650202C94B900671DA2 /* LaunchScreen.storyboard */ = {
			isa = PBXVariantGroup;
			children = (
				9C043651202C94B900671DA2 /* Base */,
			);
			name = LaunchScreen.storyboard;
			sourceTree = "<group>";
		};
		9C043652202C94B900671DA2 /* Main.storyboard */ = {
			isa = PBXVariantGroup;
			children = (
				9C043653202C94B900671DA2 /* Base */,
			);
			name = Main.storyboard;
			sourceTree = "<group>";
		};
/* End PBXVariantGroup section */

/* Begin XCBuildConfiguration section */
		9C043643202C908B00671DA2 /* Debug */ = {
			isa = XCBuildConfiguration;
			buildSettings = {
				ALWAYS_SEARCH_USER_PATHS = NO;
				CLANG_ANALYZER_NONNULL = YES;
				CLANG_ANALYZER_NUMBER_OBJECT_CONVERSION = YES_AGGRESSIVE;
				CLANG_CXX_LANGUAGE_STANDARD = "gnu++14";
				CLANG_CXX_LIBRARY = "libc++";
				CLANG_ENABLE_MODULES = YES;
				CLANG_ENABLE_OBJC_ARC = YES;
				CLANG_WARN_BLOCK_CAPTURE_AUTORELEASING = YES;
				CLANG_WARN_BOOL_CONVERSION = YES;
				CLANG_WARN_COMMA = YES;
				CLANG_WARN_CONSTANT_CONVERSION = YES;
				CLANG_WARN_DIRECT_OBJC_ISA_USAGE = YES_ERROR;
				CLANG_WARN_DOCUMENTATION_COMMENTS = YES;
				CLANG_WARN_EMPTY_BODY = YES;
				CLANG_WARN_ENUM_CONVERSION = YES;
				CLANG_WARN_INFINITE_RECURSION = YES;
				CLANG_WARN_INT_CONVERSION = YES;
				CLANG_WARN_NON_LITERAL_NULL_CONVERSION = YES;
				CLANG_WARN_OBJC_LITERAL_CONVERSION = YES;
				CLANG_WARN_OBJC_ROOT_CLASS = YES_ERROR;
				CLANG_WARN_RANGE_LOOP_ANALYSIS = YES;
				CLANG_WARN_STRICT_PROTOTYPES = YES;
				CLANG_WARN_SUSPICIOUS_MOVE = YES;
				CLANG_WARN_UNGUARDED_AVAILABILITY = YES_AGGRESSIVE;
				CLANG_WARN_UNREACHABLE_CODE = YES;
				CLANG_WARN__DUPLICATE_METHOD_MATCH = YES;
				CODE_SIGN_IDENTITY = "iPhone Developer";
				COPY_PHASE_STRIP = NO;
				DEBUG_INFORMATION_FORMAT = dwarf;
				ENABLE_STRICT_OBJC_MSGSEND = YES;
				ENABLE_TESTABILITY = YES;
				GCC_C_LANGUAGE_STANDARD = gnu11;
				GCC_DYNAMIC_NO_PIC = NO;
				GCC_NO_COMMON_BLOCKS = YES;
				GCC_OPTIMIZATION_LEVEL = 0;
				GCC_PREPROCESSOR_DEFINITIONS = (
					"DEBUG=1",
					"$(inherited)",
				);
				GCC_WARN_64_TO_32_BIT_CONVERSION = YES;
				GCC_WARN_ABOUT_RETURN_TYPE = YES_ERROR;
				GCC_WARN_UNDECLARED_SELECTOR = YES;
				GCC_WARN_UNINITIALIZED_AUTOS = YES_AGGRESSIVE;
				GCC_WARN_UNUSED_FUNCTION = YES;
				GCC_WARN_UNUSED_VARIABLE = YES;
				IPHONEOS_DEPLOYMENT_TARGET = 11.2;
				MTL_ENABLE_DEBUG_INFO = YES;
				ONLY_ACTIVE_ARCH = YES;
				SDKROOT = iphoneos;
				SWIFT_ACTIVE_COMPILATION_CONDITIONS = DEBUG;
				SWIFT_OPTIMIZATION_LEVEL = "-Onone";
			};
			name = Debug;
		};
		9C043644202C908B00671DA2 /* Release */ = {
			isa = XCBuildConfiguration;
			buildSettings = {
				ALWAYS_SEARCH_USER_PATHS = NO;
				CLANG_ANALYZER_NONNULL = YES;
				CLANG_ANALYZER_NUMBER_OBJECT_CONVERSION = YES_AGGRESSIVE;
				CLANG_CXX_LANGUAGE_STANDARD = "gnu++14";
				CLANG_CXX_LIBRARY = "libc++";
				CLANG_ENABLE_MODULES = YES;
				CLANG_ENABLE_OBJC_ARC = YES;
				CLANG_WARN_BLOCK_CAPTURE_AUTORELEASING = YES;
				CLANG_WARN_BOOL_CONVERSION = YES;
				CLANG_WARN_COMMA = YES;
				CLANG_WARN_CONSTANT_CONVERSION = YES;
				CLANG_WARN_DIRECT_OBJC_ISA_USAGE = YES_ERROR;
				CLANG_WARN_DOCUMENTATION_COMMENTS = YES;
				CLANG_WARN_EMPTY_BODY = YES;
				CLANG_WARN_ENUM_CONVERSION = YES;
				CLANG_WARN_INFINITE_RECURSION = YES;
				CLANG_WARN_INT_CONVERSION = YES;
				CLANG_WARN_NON_LITERAL_NULL_CONVERSION = YES;
				CLANG_WARN_OBJC_LITERAL_CONVERSION = YES;
				CLANG_WARN_OBJC_ROOT_CLASS = YES_ERROR;
				CLANG_WARN_RANGE_LOOP_ANALYSIS = YES;
				CLANG_WARN_STRICT_PROTOTYPES = YES;
				CLANG_WARN_SUSPICIOUS_MOVE = YES;
				CLANG_WARN_UNGUARDED_AVAILABILITY = YES_AGGRESSIVE;
				CLANG_WARN_UNREACHABLE_CODE = YES;
				CLANG_WARN__DUPLICATE_METHOD_MATCH = YES;
				CODE_SIGN_IDENTITY = "iPhone Developer";
				COPY_PHASE_STRIP = NO;
				DEBUG_INFORMATION_FORMAT = "dwarf-with-dsym";
				ENABLE_NS_ASSERTIONS = NO;
				ENABLE_STRICT_OBJC_MSGSEND = YES;
				GCC_C_LANGUAGE_STANDARD = gnu11;
				GCC_NO_COMMON_BLOCKS = YES;
				GCC_WARN_64_TO_32_BIT_CONVERSION = YES;
				GCC_WARN_ABOUT_RETURN_TYPE = YES_ERROR;
				GCC_WARN_UNDECLARED_SELECTOR = YES;
				GCC_WARN_UNINITIALIZED_AUTOS = YES_AGGRESSIVE;
				GCC_WARN_UNUSED_FUNCTION = YES;
				GCC_WARN_UNUSED_VARIABLE = YES;
				IPHONEOS_DEPLOYMENT_TARGET = 11.2;
				MTL_ENABLE_DEBUG_INFO = NO;
				SDKROOT = iphoneos;
				SWIFT_OPTIMIZATION_LEVEL = "-Owholemodule";
				VALIDATE_PRODUCT = YES;
			};
			name = Release;
		};
		9C043646202C908B00671DA2 /* Debug */ = {
			isa = XCBuildConfiguration;
			baseConfigurationReference = FE987B8E95BB24446DE0C71C /* Pods-BlockChain-Coin.debug.xcconfig */;
			buildSettings = {
				ASSETCATALOG_COMPILER_APPICON_NAME = AppIcon;
				CLANG_ENABLE_MODULES = YES;
				"CODE_SIGN_IDENTITY[sdk=iphoneos*]" = "iPhone Developer";
				CODE_SIGN_STYLE = Automatic;
				DEVELOPMENT_TEAM = DGNWN6P3PN;
				INFOPLIST_FILE = "$(SRCROOT)/BlockChain-Coin/Supporting Files/Info.plist";
				IPHONEOS_DEPLOYMENT_TARGET = 10.0;
				LD_RUNPATH_SEARCH_PATHS = "$(inherited) @executable_path/Frameworks";
				PRODUCT_BUNDLE_IDENTIFIER = "com.maximebornemann.blockchain-coin-alpha";
				PRODUCT_NAME = "$(TARGET_NAME)";
				PROVISIONING_PROFILE_SPECIFIER = "";
				SWIFT_OBJC_BRIDGING_HEADER = "BlockChain-Coin/BlockChain-Coin-Bridging-Header.h";
				SWIFT_OPTIMIZATION_LEVEL = "-Onone";
				SWIFT_VERSION = 4.0;
				TARGETED_DEVICE_FAMILY = "1,2";
			};
			name = Debug;
		};
		9C043647202C908B00671DA2 /* Release */ = {
			isa = XCBuildConfiguration;
			baseConfigurationReference = 15AE16556D515C8C91FE1243 /* Pods-BlockChain-Coin.release.xcconfig */;
			buildSettings = {
				ASSETCATALOG_COMPILER_APPICON_NAME = AppIcon;
				CLANG_ENABLE_MODULES = YES;
				"CODE_SIGN_IDENTITY[sdk=iphoneos*]" = "iPhone Developer";
				CODE_SIGN_STYLE = Automatic;
				DEVELOPMENT_TEAM = DGNWN6P3PN;
				INFOPLIST_FILE = "$(SRCROOT)/BlockChain-Coin/Supporting Files/Info.plist";
				IPHONEOS_DEPLOYMENT_TARGET = 10.0;
				LD_RUNPATH_SEARCH_PATHS = "$(inherited) @executable_path/Frameworks";
				PRODUCT_BUNDLE_IDENTIFIER = "com.maximebornemann.blockchain-coin-alpha";
				PRODUCT_NAME = "$(TARGET_NAME)";
				PROVISIONING_PROFILE_SPECIFIER = "";
				SWIFT_OBJC_BRIDGING_HEADER = "BlockChain-Coin/BlockChain-Coin-Bridging-Header.h";
				SWIFT_VERSION = 4.0;
				TARGETED_DEVICE_FAMILY = "1,2";
			};
			name = Release;
		};
/* End XCBuildConfiguration section */

/* Begin XCConfigurationList section */
		9C04362E202C908B00671DA2 /* Build configuration list for PBXProject "BlockChain-Coin" */ = {
			isa = XCConfigurationList;
			buildConfigurations = (
				9C043643202C908B00671DA2 /* Debug */,
				9C043644202C908B00671DA2 /* Release */,
			);
			defaultConfigurationIsVisible = 0;
			defaultConfigurationName = Release;
		};
		9C043645202C908B00671DA2 /* Build configuration list for PBXNativeTarget "BlockChain-Coin" */ = {
			isa = XCConfigurationList;
			buildConfigurations = (
				9C043646202C908B00671DA2 /* Debug */,
				9C043647202C908B00671DA2 /* Release */,
			);
			defaultConfigurationIsVisible = 0;
			defaultConfigurationName = Release;
		};
/* End XCConfigurationList section */
	};
	rootObject = 9C04362B202C908B00671DA2 /* Project object */;
}
