// !$*UTF8*$!
{
	archiveVersion = 1;
	classes = {
	};
	objectVersion = 48;
	objects = {

/* Begin PBXBuildFile section */
		9C043658202C94B900671DA2 /* AppDelegate.swift in Sources */ = {isa = PBXBuildFile; fileRef = 9C04364A202C94B900671DA2 /* AppDelegate.swift */; };
		9C04365A202C94B900671DA2 /* Assets.xcassets in Resources */ = {isa = PBXBuildFile; fileRef = 9C04364F202C94B900671DA2 /* Assets.xcassets */; };
		9C04365B202C94B900671DA2 /* LaunchScreen.storyboard in Resources */ = {isa = PBXBuildFile; fileRef = 9C043650202C94B900671DA2 /* LaunchScreen.storyboard */; };
		9C043673202C968D00671DA2 /* keccak.c in Sources */ = {isa = PBXBuildFile; fileRef = 9C04365F202C968D00671DA2 /* keccak.c */; };
		9C043674202C968D00671DA2 /* blake.c in Sources */ = {isa = PBXBuildFile; fileRef = 9C043662202C968D00671DA2 /* blake.c */; };
		9C043675202C968D00671DA2 /* jh_ansi_opt64.c in Sources */ = {isa = PBXBuildFile; fileRef = 9C043667202C968D00671DA2 /* jh_ansi_opt64.c */; };
		9C043676202C968D00671DA2 /* oaes_lib.c in Sources */ = {isa = PBXBuildFile; fileRef = 9C04366A202C968D00671DA2 /* oaes_lib.c */; };
		9C043677202C968D00671DA2 /* groestl.c in Sources */ = {isa = PBXBuildFile; fileRef = 9C04366C202C968D00671DA2 /* groestl.c */; };
		9C043678202C968D00671DA2 /* cryptonight.c in Sources */ = {isa = PBXBuildFile; fileRef = 9C04366F202C968D00671DA2 /* cryptonight.c */; };
		9C043679202C968D00671DA2 /* skein.c in Sources */ = {isa = PBXBuildFile; fileRef = 9C043670202C968D00671DA2 /* skein.c */; };
		9C04367A202C968D00671DA2 /* aesb.c in Sources */ = {isa = PBXBuildFile; fileRef = 9C043672202C968D00671DA2 /* aesb.c */; };
		9C04367D202C975800671DA2 /* HashContext.mm in Sources */ = {isa = PBXBuildFile; fileRef = 9C04367B202C975800671DA2 /* HashContext.mm */; };
		9C04367F202C98E900671DA2 /* MinerWorker.swift in Sources */ = {isa = PBXBuildFile; fileRef = 9C04367E202C98E900671DA2 /* MinerWorker.swift */; };
		9C043681202C9C7800671DA2 /* CryptonightMiner.swift in Sources */ = {isa = PBXBuildFile; fileRef = 9C043680202C9C7800671DA2 /* CryptonightMiner.swift */; };
		9C043683202C9CD700671DA2 /* PoolWorker.swift in Sources */ = {isa = PBXBuildFile; fileRef = 9C043682202C9CD700671DA2 /* PoolWorker.swift */; };
		9C043685202C9DE600671DA2 /* Job.swift in Sources */ = {isa = PBXBuildFile; fileRef = 9C043684202C9DE600671DA2 /* Job.swift */; };
		9C043687202C9F8B00671DA2 /* PoolSocketClient.swift in Sources */ = {isa = PBXBuildFile; fileRef = 9C043686202C9F8B00671DA2 /* PoolSocketClient.swift */; };
		9C043689202CA50F00671DA2 /* PoolSocketClientDelegate.swift in Sources */ = {isa = PBXBuildFile; fileRef = 9C043688202CA50F00671DA2 /* PoolSocketClientDelegate.swift */; };
		9C04368C202CA89B00671DA2 /* MineVC.swift in Sources */ = {isa = PBXBuildFile; fileRef = 9C04368B202CA89B00671DA2 /* MineVC.swift */; };
		9C04369A202CD1EC00671DA2 /* Stats.swift in Sources */ = {isa = PBXBuildFile; fileRef = 9C043699202CD1EC00671DA2 /* Stats.swift */; };
		9C04369C202CDB9400671DA2 /* MineDataSource.swift in Sources */ = {isa = PBXBuildFile; fileRef = 9C04369B202CDB9400671DA2 /* MineDataSource.swift */; };
		9C04369E202CDB9D00671DA2 /* MineRouter.swift in Sources */ = {isa = PBXBuildFile; fileRef = 9C04369D202CDB9D00671DA2 /* MineRouter.swift */; };
		9C0436A0202CDBA400671DA2 /* MineInteractor.swift in Sources */ = {isa = PBXBuildFile; fileRef = 9C04369F202CDBA400671DA2 /* MineInteractor.swift */; };
		9C0436A2202CDBAC00671DA2 /* MinePresenter.swift in Sources */ = {isa = PBXBuildFile; fileRef = 9C0436A1202CDBAC00671DA2 /* MinePresenter.swift */; };
		9C0436A5202CDBC000671DA2 /* MineModels.swift in Sources */ = {isa = PBXBuildFile; fileRef = 9C0436A4202CDBC000671DA2 /* MineModels.swift */; };
		9C0436A7202CDBE500671DA2 /* TableViewCell.swift in Sources */ = {isa = PBXBuildFile; fileRef = 9C0436A6202CDBE500671DA2 /* TableViewCell.swift */; };
		9C0436A9202CDC0A00671DA2 /* Reusable.swift in Sources */ = {isa = PBXBuildFile; fileRef = 9C0436A8202CDC0A00671DA2 /* Reusable.swift */; };
		9C0436AC202CDC5100671DA2 /* UITableView+Register.swift in Sources */ = {isa = PBXBuildFile; fileRef = 9C0436AB202CDC5100671DA2 /* UITableView+Register.swift */; };
		9C4AA48220332C2B0056152C /* PublicKey.swift in Sources */ = {isa = PBXBuildFile; fileRef = 9C4AA46920332C2B0056152C /* PublicKey.swift */; };
		9C4AA48320332C2B0056152C /* KeyPair.swift in Sources */ = {isa = PBXBuildFile; fileRef = 9C4AA46A20332C2B0056152C /* KeyPair.swift */; };
		9C4AA48420332C2B0056152C /* Seed.swift in Sources */ = {isa = PBXBuildFile; fileRef = 9C4AA46B20332C2B0056152C /* Seed.swift */; };
		9C4AA48520332C2B0056152C /* Error.swift in Sources */ = {isa = PBXBuildFile; fileRef = 9C4AA46C20332C2B0056152C /* Error.swift */; };
		9C4AA49120332C2B0056152C /* PrivateKey.swift in Sources */ = {isa = PBXBuildFile; fileRef = 9C4AA48120332C2B0056152C /* PrivateKey.swift */; };
		9C4AA4932033326F0056152C /* WalletDiskStore.swift in Sources */ = {isa = PBXBuildFile; fileRef = 9C4AA4922033326F0056152C /* WalletDiskStore.swift */; };
		9C4AA495203335000056152C /* Wallet.swift in Sources */ = {isa = PBXBuildFile; fileRef = 9C4AA494203335000056152C /* Wallet.swift */; };
		9C4AA4982033351D0056152C /* ListWalletsVC.swift in Sources */ = {isa = PBXBuildFile; fileRef = 9C4AA4972033351D0056152C /* ListWalletsVC.swift */; };
		9C4AA49A2033353C0056152C /* ListWalletsModels.swift in Sources */ = {isa = PBXBuildFile; fileRef = 9C4AA4992033353C0056152C /* ListWalletsModels.swift */; };
		9C4AA49C203335460056152C /* ListWalletsDataSource.swift in Sources */ = {isa = PBXBuildFile; fileRef = 9C4AA49B203335460056152C /* ListWalletsDataSource.swift */; };
		9C4AA49E2033354F0056152C /* ListWalletsRouter.swift in Sources */ = {isa = PBXBuildFile; fileRef = 9C4AA49D2033354F0056152C /* ListWalletsRouter.swift */; };
		9C4AA4A0203335590056152C /* ListWalletsInteractor.swift in Sources */ = {isa = PBXBuildFile; fileRef = 9C4AA49F203335590056152C /* ListWalletsInteractor.swift */; };
		9C4AA4A2203335610056152C /* ListWalletsPresenter.swift in Sources */ = {isa = PBXBuildFile; fileRef = 9C4AA4A1203335610056152C /* ListWalletsPresenter.swift */; };
		9C4AA4A5203339460056152C /* ListWalletsCell.swift in Sources */ = {isa = PBXBuildFile; fileRef = 9C4AA4A4203339460056152C /* ListWalletsCell.swift */; };
		9C4AA4A820333D140056152C /* CreateWalletVC.swift in Sources */ = {isa = PBXBuildFile; fileRef = 9C4AA4A720333D140056152C /* CreateWalletVC.swift */; };
		9C4AA4AA20333D260056152C /* CreateWalletModels.swift in Sources */ = {isa = PBXBuildFile; fileRef = 9C4AA4A920333D260056152C /* CreateWalletModels.swift */; };
		9C4AA4AC20333D380056152C /* CreateWalletDataSource.swift in Sources */ = {isa = PBXBuildFile; fileRef = 9C4AA4AB20333D380056152C /* CreateWalletDataSource.swift */; };
		9C4AA4AE20333D400056152C /* CreateWalletRouter.swift in Sources */ = {isa = PBXBuildFile; fileRef = 9C4AA4AD20333D400056152C /* CreateWalletRouter.swift */; };
		9C4AA4B020333D490056152C /* CreateWalletInteractor.swift in Sources */ = {isa = PBXBuildFile; fileRef = 9C4AA4AF20333D490056152C /* CreateWalletInteractor.swift */; };
		9C4AA4B220333D510056152C /* CreateWalletPresenter.swift in Sources */ = {isa = PBXBuildFile; fileRef = 9C4AA4B120333D510056152C /* CreateWalletPresenter.swift */; };
		9C4AA4B520333DB40056152C /* CreateWalletCell.swift in Sources */ = {isa = PBXBuildFile; fileRef = 9C4AA4B420333DB40056152C /* CreateWalletCell.swift */; };
		9C4AA4B7203347CE0056152C /* WalletSocketAddRequest.swift in Sources */ = {isa = PBXBuildFile; fileRef = 9C4AA4B6203347CE0056152C /* WalletSocketAddRequest.swift */; };
		9C4AA4B920334BB90056152C /* WalletSocketAddResponse.swift in Sources */ = {isa = PBXBuildFile; fileRef = 9C4AA4B820334BB90056152C /* WalletSocketAddResponse.swift */; };
		9C4AA4CF203481360056152C /* Date+Format.swift in Sources */ = {isa = PBXBuildFile; fileRef = 9C4AA4CE203481360056152C /* Date+Format.swift */; };
		9C4AA4D1203485420056152C /* WalletRPCGetBalanceRequest.swift in Sources */ = {isa = PBXBuildFile; fileRef = 9C4AA4D0203485420056152C /* WalletRPCGetBalanceRequest.swift */; };
		9C4AA4D32034887C0056152C /* WalletRPCGetBalanceResponse.swift in Sources */ = {isa = PBXBuildFile; fileRef = 9C4AA4D22034887C0056152C /* WalletRPCGetBalanceResponse.swift */; };
		9C4AA4D620348BA70056152C /* ShowWalletVC.swift in Sources */ = {isa = PBXBuildFile; fileRef = 9C4AA4D520348BA70056152C /* ShowWalletVC.swift */; };
		9C4AA4D820348F240056152C /* ShowWalletDataSource.swift in Sources */ = {isa = PBXBuildFile; fileRef = 9C4AA4D720348F240056152C /* ShowWalletDataSource.swift */; };
		9C4AA4DA20348F2C0056152C /* ShowWalletRouter.swift in Sources */ = {isa = PBXBuildFile; fileRef = 9C4AA4D920348F2C0056152C /* ShowWalletRouter.swift */; };
		9C4AA4DC20348F350056152C /* ShowWalletInteractor.swift in Sources */ = {isa = PBXBuildFile; fileRef = 9C4AA4DB20348F350056152C /* ShowWalletInteractor.swift */; };
		9C4AA4DE20348F430056152C /* ShowWalletPresenter.swift in Sources */ = {isa = PBXBuildFile; fileRef = 9C4AA4DD20348F430056152C /* ShowWalletPresenter.swift */; };
		9C4AA4E020348F4D0056152C /* ShowWalletModels.swift in Sources */ = {isa = PBXBuildFile; fileRef = 9C4AA4DF20348F4D0056152C /* ShowWalletModels.swift */; };
		9C4AA4E320348F670056152C /* ShowWalletBalanceCell.swift in Sources */ = {isa = PBXBuildFile; fileRef = 9C4AA4E220348F670056152C /* ShowWalletBalanceCell.swift */; };
		9C4AA4E5203490390056152C /* Balance.swift in Sources */ = {isa = PBXBuildFile; fileRef = 9C4AA4E4203490390056152C /* Balance.swift */; };
		9C8A8F5B202DF90200F55736 /* R.generated.swift in Sources */ = {isa = PBXBuildFile; fileRef = 9C8A8F5A202DF90100F55736 /* R.generated.swift */; };
		9C8A8F5D202DFD4C00F55736 /* View.swift in Sources */ = {isa = PBXBuildFile; fileRef = 9C8A8F5C202DFD4C00F55736 /* View.swift */; };
		9C8A8F5F202DFD7900F55736 /* PoolStatusView.swift in Sources */ = {isa = PBXBuildFile; fileRef = 9C8A8F5E202DFD7900F55736 /* PoolStatusView.swift */; };
		9C8A8F61202DFDF300F55736 /* UIColor+Hex.swift in Sources */ = {isa = PBXBuildFile; fileRef = 9C8A8F60202DFDF300F55736 /* UIColor+Hex.swift */; };
		9C8A8F63202E03B900F55736 /* MineStatCell.swift in Sources */ = {isa = PBXBuildFile; fileRef = 9C8A8F62202E03B900F55736 /* MineStatCell.swift */; };
		9C8A8F66202E1B0700F55736 /* ConfigureWalletVC.swift in Sources */ = {isa = PBXBuildFile; fileRef = 9C8A8F65202E1B0700F55736 /* ConfigureWalletVC.swift */; };
		9C8A8F69202ED7B000F55736 /* WalletWorker.swift in Sources */ = {isa = PBXBuildFile; fileRef = 9C8A8F68202ED7B000F55736 /* WalletWorker.swift */; };
		9C8A8F6B202EDA6500F55736 /* WalletRPC.swift in Sources */ = {isa = PBXBuildFile; fileRef = 9C8A8F6A202EDA6500F55736 /* WalletRPC.swift */; };
		9C8A8F6D202EDE0600F55736 /* WalletSocketClientDelegate.swift in Sources */ = {isa = PBXBuildFile; fileRef = 9C8A8F6C202EDE0600F55736 /* WalletSocketClientDelegate.swift */; };
		9C8A8F76202EE13600F55736 /* WalletSocketRequest.swift in Sources */ = {isa = PBXBuildFile; fileRef = 9C8A8F71202EE13600F55736 /* WalletSocketRequest.swift */; };
		9C8A8F77202EE13600F55736 /* PoolSocketRequest.swift in Sources */ = {isa = PBXBuildFile; fileRef = 9C8A8F73202EE13600F55736 /* PoolSocketRequest.swift */; };
		9C8A8F78202EE13600F55736 /* PoolSocketSubmitJobRequest.swift in Sources */ = {isa = PBXBuildFile; fileRef = 9C8A8F74202EE13600F55736 /* PoolSocketSubmitJobRequest.swift */; };
		9C8A8F79202EE13600F55736 /* PoolSocketLoginRequest.swift in Sources */ = {isa = PBXBuildFile; fileRef = 9C8A8F75202EE13600F55736 /* PoolSocketLoginRequest.swift */; };
		9C8A8F7E202EE13D00F55736 /* PoolSocketJobResponse.swift in Sources */ = {isa = PBXBuildFile; fileRef = 9C8A8F7C202EE13D00F55736 /* PoolSocketJobResponse.swift */; };
		9C8A8F7F202EE13D00F55736 /* PoolSocketJobNotificationResponse.swift in Sources */ = {isa = PBXBuildFile; fileRef = 9C8A8F7D202EE13D00F55736 /* PoolSocketJobNotificationResponse.swift */; };
		BBCFE2412940BF658F2DA54B /* Pods_BlockChain_Coin.framework in Frameworks */ = {isa = PBXBuildFile; fileRef = BA48FC4D40854E9793F5AC5B /* Pods_BlockChain_Coin.framework */; };
/* End PBXBuildFile section */

/* Begin PBXFileReference section */
		15AE16556D515C8C91FE1243 /* Pods-BlockChain-Coin.release.xcconfig */ = {isa = PBXFileReference; includeInIndex = 1; lastKnownFileType = text.xcconfig; name = "Pods-BlockChain-Coin.release.xcconfig"; path = "Pods/Target Support Files/Pods-BlockChain-Coin/Pods-BlockChain-Coin.release.xcconfig"; sourceTree = "<group>"; };
		9C043633202C908B00671DA2 /* BlockChain-Coin.app */ = {isa = PBXFileReference; explicitFileType = wrapper.application; includeInIndex = 0; path = "BlockChain-Coin.app"; sourceTree = BUILT_PRODUCTS_DIR; };
		9C043648202C94B800671DA2 /* BlockChain-Coin-Bridging-Header.h */ = {isa = PBXFileReference; lastKnownFileType = sourcecode.c.h; path = "BlockChain-Coin-Bridging-Header.h"; sourceTree = "<group>"; };
		9C04364A202C94B900671DA2 /* AppDelegate.swift */ = {isa = PBXFileReference; fileEncoding = 4; lastKnownFileType = sourcecode.swift; path = AppDelegate.swift; sourceTree = "<group>"; };
		9C04364C202C94B900671DA2 /* Info.plist */ = {isa = PBXFileReference; fileEncoding = 4; lastKnownFileType = text.plist.xml; path = Info.plist; sourceTree = "<group>"; };
		9C04364F202C94B900671DA2 /* Assets.xcassets */ = {isa = PBXFileReference; lastKnownFileType = folder.assetcatalog; path = Assets.xcassets; sourceTree = "<group>"; };
		9C043651202C94B900671DA2 /* Base */ = {isa = PBXFileReference; lastKnownFileType = file.storyboard; name = Base; path = Base.lproj/LaunchScreen.storyboard; sourceTree = "<group>"; };
		9C04365F202C968D00671DA2 /* keccak.c */ = {isa = PBXFileReference; fileEncoding = 4; lastKnownFileType = sourcecode.c.c; path = keccak.c; sourceTree = "<group>"; };
		9C043660202C968D00671DA2 /* groestl.h */ = {isa = PBXFileReference; fileEncoding = 4; lastKnownFileType = sourcecode.c.h; path = groestl.h; sourceTree = "<group>"; };
		9C043661202C968D00671DA2 /* oaes_config.h */ = {isa = PBXFileReference; fileEncoding = 4; lastKnownFileType = sourcecode.c.h; path = oaes_config.h; sourceTree = "<group>"; };
		9C043662202C968D00671DA2 /* blake.c */ = {isa = PBXFileReference; fileEncoding = 4; lastKnownFileType = sourcecode.c.c; path = blake.c; sourceTree = "<group>"; };
		9C043663202C968D00671DA2 /* skein.h */ = {isa = PBXFileReference; fileEncoding = 4; lastKnownFileType = sourcecode.c.h; path = skein.h; sourceTree = "<group>"; };
		9C043664202C968D00671DA2 /* skein_port.h */ = {isa = PBXFileReference; fileEncoding = 4; lastKnownFileType = sourcecode.c.h; path = skein_port.h; sourceTree = "<group>"; };
		9C043666202C968D00671DA2 /* jh.h */ = {isa = PBXFileReference; fileEncoding = 4; lastKnownFileType = sourcecode.c.h; path = jh.h; sourceTree = "<group>"; };
		9C043667202C968D00671DA2 /* jh_ansi_opt64.c */ = {isa = PBXFileReference; fileEncoding = 4; lastKnownFileType = sourcecode.c.c; path = jh_ansi_opt64.c; sourceTree = "<group>"; };
		9C043668202C968D00671DA2 /* groestl_tables.h */ = {isa = PBXFileReference; fileEncoding = 4; lastKnownFileType = sourcecode.c.h; path = groestl_tables.h; sourceTree = "<group>"; };
		9C043669202C968D00671DA2 /* cryptonight.h */ = {isa = PBXFileReference; fileEncoding = 4; lastKnownFileType = sourcecode.c.h; path = cryptonight.h; sourceTree = "<group>"; };
		9C04366A202C968D00671DA2 /* oaes_lib.c */ = {isa = PBXFileReference; fileEncoding = 4; lastKnownFileType = sourcecode.c.c; path = oaes_lib.c; sourceTree = "<group>"; };
		9C04366B202C968D00671DA2 /* aesb.h */ = {isa = PBXFileReference; fileEncoding = 4; lastKnownFileType = sourcecode.c.h; path = aesb.h; sourceTree = "<group>"; };
		9C04366C202C968D00671DA2 /* groestl.c */ = {isa = PBXFileReference; fileEncoding = 4; lastKnownFileType = sourcecode.c.c; path = groestl.c; sourceTree = "<group>"; };
		9C04366D202C968D00671DA2 /* keccak.h */ = {isa = PBXFileReference; fileEncoding = 4; lastKnownFileType = sourcecode.c.h; path = keccak.h; sourceTree = "<group>"; };
		9C04366E202C968D00671DA2 /* oaes_lib.h */ = {isa = PBXFileReference; fileEncoding = 4; lastKnownFileType = sourcecode.c.h; path = oaes_lib.h; sourceTree = "<group>"; };
		9C04366F202C968D00671DA2 /* cryptonight.c */ = {isa = PBXFileReference; fileEncoding = 4; lastKnownFileType = sourcecode.c.c; path = cryptonight.c; sourceTree = "<group>"; };
		9C043670202C968D00671DA2 /* skein.c */ = {isa = PBXFileReference; fileEncoding = 4; lastKnownFileType = sourcecode.c.c; path = skein.c; sourceTree = "<group>"; };
		9C043671202C968D00671DA2 /* blake.h */ = {isa = PBXFileReference; fileEncoding = 4; lastKnownFileType = sourcecode.c.h; path = blake.h; sourceTree = "<group>"; };
		9C043672202C968D00671DA2 /* aesb.c */ = {isa = PBXFileReference; fileEncoding = 4; lastKnownFileType = sourcecode.c.c; path = aesb.c; sourceTree = "<group>"; };
		9C04367B202C975800671DA2 /* HashContext.mm */ = {isa = PBXFileReference; fileEncoding = 4; lastKnownFileType = sourcecode.cpp.objcpp; path = HashContext.mm; sourceTree = "<group>"; };
		9C04367C202C975800671DA2 /* HashContext.h */ = {isa = PBXFileReference; fileEncoding = 4; lastKnownFileType = sourcecode.c.h; path = HashContext.h; sourceTree = "<group>"; };
		9C04367E202C98E900671DA2 /* MinerWorker.swift */ = {isa = PBXFileReference; lastKnownFileType = sourcecode.swift; path = MinerWorker.swift; sourceTree = "<group>"; };
		9C043680202C9C7800671DA2 /* CryptonightMiner.swift */ = {isa = PBXFileReference; lastKnownFileType = sourcecode.swift; path = CryptonightMiner.swift; sourceTree = "<group>"; };
		9C043682202C9CD700671DA2 /* PoolWorker.swift */ = {isa = PBXFileReference; lastKnownFileType = sourcecode.swift; path = PoolWorker.swift; sourceTree = "<group>"; };
		9C043684202C9DE600671DA2 /* Job.swift */ = {isa = PBXFileReference; lastKnownFileType = sourcecode.swift; path = Job.swift; sourceTree = "<group>"; };
		9C043686202C9F8B00671DA2 /* PoolSocketClient.swift */ = {isa = PBXFileReference; lastKnownFileType = sourcecode.swift; path = PoolSocketClient.swift; sourceTree = "<group>"; };
		9C043688202CA50F00671DA2 /* PoolSocketClientDelegate.swift */ = {isa = PBXFileReference; lastKnownFileType = sourcecode.swift; path = PoolSocketClientDelegate.swift; sourceTree = "<group>"; };
		9C04368B202CA89B00671DA2 /* MineVC.swift */ = {isa = PBXFileReference; lastKnownFileType = sourcecode.swift; path = MineVC.swift; sourceTree = "<group>"; };
		9C043699202CD1EC00671DA2 /* Stats.swift */ = {isa = PBXFileReference; lastKnownFileType = sourcecode.swift; path = Stats.swift; sourceTree = "<group>"; };
		9C04369B202CDB9400671DA2 /* MineDataSource.swift */ = {isa = PBXFileReference; lastKnownFileType = sourcecode.swift; path = MineDataSource.swift; sourceTree = "<group>"; };
		9C04369D202CDB9D00671DA2 /* MineRouter.swift */ = {isa = PBXFileReference; lastKnownFileType = sourcecode.swift; path = MineRouter.swift; sourceTree = "<group>"; };
		9C04369F202CDBA400671DA2 /* MineInteractor.swift */ = {isa = PBXFileReference; lastKnownFileType = sourcecode.swift; path = MineInteractor.swift; sourceTree = "<group>"; };
		9C0436A1202CDBAC00671DA2 /* MinePresenter.swift */ = {isa = PBXFileReference; lastKnownFileType = sourcecode.swift; path = MinePresenter.swift; sourceTree = "<group>"; };
		9C0436A4202CDBC000671DA2 /* MineModels.swift */ = {isa = PBXFileReference; lastKnownFileType = sourcecode.swift; path = MineModels.swift; sourceTree = "<group>"; };
		9C0436A6202CDBE500671DA2 /* TableViewCell.swift */ = {isa = PBXFileReference; lastKnownFileType = sourcecode.swift; path = TableViewCell.swift; sourceTree = "<group>"; };
		9C0436A8202CDC0A00671DA2 /* Reusable.swift */ = {isa = PBXFileReference; lastKnownFileType = sourcecode.swift; path = Reusable.swift; sourceTree = "<group>"; };
		9C0436AB202CDC5100671DA2 /* UITableView+Register.swift */ = {isa = PBXFileReference; lastKnownFileType = sourcecode.swift; path = "UITableView+Register.swift"; sourceTree = "<group>"; };
		9C4AA46920332C2B0056152C /* PublicKey.swift */ = {isa = PBXFileReference; fileEncoding = 4; lastKnownFileType = sourcecode.swift; path = PublicKey.swift; sourceTree = "<group>"; };
		9C4AA46A20332C2B0056152C /* KeyPair.swift */ = {isa = PBXFileReference; fileEncoding = 4; lastKnownFileType = sourcecode.swift; path = KeyPair.swift; sourceTree = "<group>"; };
		9C4AA46B20332C2B0056152C /* Seed.swift */ = {isa = PBXFileReference; fileEncoding = 4; lastKnownFileType = sourcecode.swift; path = Seed.swift; sourceTree = "<group>"; };
		9C4AA46C20332C2B0056152C /* Error.swift */ = {isa = PBXFileReference; fileEncoding = 4; lastKnownFileType = sourcecode.swift; path = Error.swift; sourceTree = "<group>"; };
		9C4AA48120332C2B0056152C /* PrivateKey.swift */ = {isa = PBXFileReference; fileEncoding = 4; lastKnownFileType = sourcecode.swift; path = PrivateKey.swift; sourceTree = "<group>"; };
		9C4AA4922033326F0056152C /* WalletDiskStore.swift */ = {isa = PBXFileReference; lastKnownFileType = sourcecode.swift; path = WalletDiskStore.swift; sourceTree = "<group>"; };
		9C4AA494203335000056152C /* Wallet.swift */ = {isa = PBXFileReference; lastKnownFileType = sourcecode.swift; path = Wallet.swift; sourceTree = "<group>"; };
		9C4AA4972033351D0056152C /* ListWalletsVC.swift */ = {isa = PBXFileReference; lastKnownFileType = sourcecode.swift; path = ListWalletsVC.swift; sourceTree = "<group>"; };
		9C4AA4992033353C0056152C /* ListWalletsModels.swift */ = {isa = PBXFileReference; lastKnownFileType = sourcecode.swift; path = ListWalletsModels.swift; sourceTree = "<group>"; };
		9C4AA49B203335460056152C /* ListWalletsDataSource.swift */ = {isa = PBXFileReference; lastKnownFileType = sourcecode.swift; path = ListWalletsDataSource.swift; sourceTree = "<group>"; };
		9C4AA49D2033354F0056152C /* ListWalletsRouter.swift */ = {isa = PBXFileReference; lastKnownFileType = sourcecode.swift; path = ListWalletsRouter.swift; sourceTree = "<group>"; };
		9C4AA49F203335590056152C /* ListWalletsInteractor.swift */ = {isa = PBXFileReference; lastKnownFileType = sourcecode.swift; path = ListWalletsInteractor.swift; sourceTree = "<group>"; };
		9C4AA4A1203335610056152C /* ListWalletsPresenter.swift */ = {isa = PBXFileReference; lastKnownFileType = sourcecode.swift; path = ListWalletsPresenter.swift; sourceTree = "<group>"; };
		9C4AA4A4203339460056152C /* ListWalletsCell.swift */ = {isa = PBXFileReference; lastKnownFileType = sourcecode.swift; path = ListWalletsCell.swift; sourceTree = "<group>"; };
		9C4AA4A720333D140056152C /* CreateWalletVC.swift */ = {isa = PBXFileReference; lastKnownFileType = sourcecode.swift; path = CreateWalletVC.swift; sourceTree = "<group>"; };
		9C4AA4A920333D260056152C /* CreateWalletModels.swift */ = {isa = PBXFileReference; lastKnownFileType = sourcecode.swift; path = CreateWalletModels.swift; sourceTree = "<group>"; };
		9C4AA4AB20333D380056152C /* CreateWalletDataSource.swift */ = {isa = PBXFileReference; lastKnownFileType = sourcecode.swift; path = CreateWalletDataSource.swift; sourceTree = "<group>"; };
		9C4AA4AD20333D400056152C /* CreateWalletRouter.swift */ = {isa = PBXFileReference; lastKnownFileType = sourcecode.swift; path = CreateWalletRouter.swift; sourceTree = "<group>"; };
		9C4AA4AF20333D490056152C /* CreateWalletInteractor.swift */ = {isa = PBXFileReference; lastKnownFileType = sourcecode.swift; path = CreateWalletInteractor.swift; sourceTree = "<group>"; };
		9C4AA4B120333D510056152C /* CreateWalletPresenter.swift */ = {isa = PBXFileReference; lastKnownFileType = sourcecode.swift; path = CreateWalletPresenter.swift; sourceTree = "<group>"; };
		9C4AA4B420333DB40056152C /* CreateWalletCell.swift */ = {isa = PBXFileReference; lastKnownFileType = sourcecode.swift; path = CreateWalletCell.swift; sourceTree = "<group>"; };
		9C4AA4B6203347CE0056152C /* WalletSocketAddRequest.swift */ = {isa = PBXFileReference; lastKnownFileType = sourcecode.swift; path = WalletSocketAddRequest.swift; sourceTree = "<group>"; };
		9C4AA4B820334BB90056152C /* WalletSocketAddResponse.swift */ = {isa = PBXFileReference; lastKnownFileType = sourcecode.swift; path = WalletSocketAddResponse.swift; sourceTree = "<group>"; };
		9C4AA4CE203481360056152C /* Date+Format.swift */ = {isa = PBXFileReference; lastKnownFileType = sourcecode.swift; path = "Date+Format.swift"; sourceTree = "<group>"; };
		9C4AA4D0203485420056152C /* WalletRPCGetBalanceRequest.swift */ = {isa = PBXFileReference; lastKnownFileType = sourcecode.swift; path = WalletRPCGetBalanceRequest.swift; sourceTree = "<group>"; };
		9C4AA4D22034887C0056152C /* WalletRPCGetBalanceResponse.swift */ = {isa = PBXFileReference; lastKnownFileType = sourcecode.swift; path = WalletRPCGetBalanceResponse.swift; sourceTree = "<group>"; };
		9C4AA4D520348BA70056152C /* ShowWalletVC.swift */ = {isa = PBXFileReference; lastKnownFileType = sourcecode.swift; path = ShowWalletVC.swift; sourceTree = "<group>"; };
		9C4AA4D720348F240056152C /* ShowWalletDataSource.swift */ = {isa = PBXFileReference; lastKnownFileType = sourcecode.swift; path = ShowWalletDataSource.swift; sourceTree = "<group>"; };
		9C4AA4D920348F2C0056152C /* ShowWalletRouter.swift */ = {isa = PBXFileReference; lastKnownFileType = sourcecode.swift; path = ShowWalletRouter.swift; sourceTree = "<group>"; };
		9C4AA4DB20348F350056152C /* ShowWalletInteractor.swift */ = {isa = PBXFileReference; lastKnownFileType = sourcecode.swift; path = ShowWalletInteractor.swift; sourceTree = "<group>"; };
		9C4AA4DD20348F430056152C /* ShowWalletPresenter.swift */ = {isa = PBXFileReference; lastKnownFileType = sourcecode.swift; path = ShowWalletPresenter.swift; sourceTree = "<group>"; };
		9C4AA4DF20348F4D0056152C /* ShowWalletModels.swift */ = {isa = PBXFileReference; lastKnownFileType = sourcecode.swift; path = ShowWalletModels.swift; sourceTree = "<group>"; };
		9C4AA4E220348F670056152C /* ShowWalletBalanceCell.swift */ = {isa = PBXFileReference; lastKnownFileType = sourcecode.swift; path = ShowWalletBalanceCell.swift; sourceTree = "<group>"; };
		9C4AA4E4203490390056152C /* Balance.swift */ = {isa = PBXFileReference; lastKnownFileType = sourcecode.swift; path = Balance.swift; sourceTree = "<group>"; };
		9C8A8F5A202DF90100F55736 /* R.generated.swift */ = {isa = PBXFileReference; fileEncoding = 4; lastKnownFileType = sourcecode.swift; path = R.generated.swift; sourceTree = SOURCE_ROOT; };
		9C8A8F5C202DFD4C00F55736 /* View.swift */ = {isa = PBXFileReference; lastKnownFileType = sourcecode.swift; path = View.swift; sourceTree = "<group>"; };
		9C8A8F5E202DFD7900F55736 /* PoolStatusView.swift */ = {isa = PBXFileReference; lastKnownFileType = sourcecode.swift; path = PoolStatusView.swift; sourceTree = "<group>"; };
		9C8A8F60202DFDF300F55736 /* UIColor+Hex.swift */ = {isa = PBXFileReference; lastKnownFileType = sourcecode.swift; path = "UIColor+Hex.swift"; sourceTree = "<group>"; };
		9C8A8F62202E03B900F55736 /* MineStatCell.swift */ = {isa = PBXFileReference; lastKnownFileType = sourcecode.swift; path = MineStatCell.swift; sourceTree = "<group>"; };
		9C8A8F65202E1B0700F55736 /* ConfigureWalletVC.swift */ = {isa = PBXFileReference; lastKnownFileType = sourcecode.swift; path = ConfigureWalletVC.swift; sourceTree = "<group>"; };
		9C8A8F68202ED7B000F55736 /* WalletWorker.swift */ = {isa = PBXFileReference; lastKnownFileType = sourcecode.swift; path = WalletWorker.swift; sourceTree = "<group>"; };
		9C8A8F6A202EDA6500F55736 /* WalletRPC.swift */ = {isa = PBXFileReference; lastKnownFileType = sourcecode.swift; path = WalletRPC.swift; sourceTree = "<group>"; };
		9C8A8F6C202EDE0600F55736 /* WalletSocketClientDelegate.swift */ = {isa = PBXFileReference; lastKnownFileType = sourcecode.swift; path = WalletSocketClientDelegate.swift; sourceTree = "<group>"; };
		9C8A8F71202EE13600F55736 /* WalletSocketRequest.swift */ = {isa = PBXFileReference; fileEncoding = 4; lastKnownFileType = sourcecode.swift; path = WalletSocketRequest.swift; sourceTree = "<group>"; };
		9C8A8F73202EE13600F55736 /* PoolSocketRequest.swift */ = {isa = PBXFileReference; fileEncoding = 4; lastKnownFileType = sourcecode.swift; path = PoolSocketRequest.swift; sourceTree = "<group>"; };
		9C8A8F74202EE13600F55736 /* PoolSocketSubmitJobRequest.swift */ = {isa = PBXFileReference; fileEncoding = 4; lastKnownFileType = sourcecode.swift; path = PoolSocketSubmitJobRequest.swift; sourceTree = "<group>"; };
		9C8A8F75202EE13600F55736 /* PoolSocketLoginRequest.swift */ = {isa = PBXFileReference; fileEncoding = 4; lastKnownFileType = sourcecode.swift; path = PoolSocketLoginRequest.swift; sourceTree = "<group>"; };
		9C8A8F7C202EE13D00F55736 /* PoolSocketJobResponse.swift */ = {isa = PBXFileReference; fileEncoding = 4; lastKnownFileType = sourcecode.swift; path = PoolSocketJobResponse.swift; sourceTree = "<group>"; };
		9C8A8F7D202EE13D00F55736 /* PoolSocketJobNotificationResponse.swift */ = {isa = PBXFileReference; fileEncoding = 4; lastKnownFileType = sourcecode.swift; path = PoolSocketJobNotificationResponse.swift; sourceTree = "<group>"; };
		BA48FC4D40854E9793F5AC5B /* Pods_BlockChain_Coin.framework */ = {isa = PBXFileReference; explicitFileType = wrapper.framework; includeInIndex = 0; path = Pods_BlockChain_Coin.framework; sourceTree = BUILT_PRODUCTS_DIR; };
		FE987B8E95BB24446DE0C71C /* Pods-BlockChain-Coin.debug.xcconfig */ = {isa = PBXFileReference; includeInIndex = 1; lastKnownFileType = text.xcconfig; name = "Pods-BlockChain-Coin.debug.xcconfig"; path = "Pods/Target Support Files/Pods-BlockChain-Coin/Pods-BlockChain-Coin.debug.xcconfig"; sourceTree = "<group>"; };
/* End PBXFileReference section */

/* Begin PBXFrameworksBuildPhase section */
		9C043630202C908B00671DA2 /* Frameworks */ = {
			isa = PBXFrameworksBuildPhase;
			buildActionMask = 2147483647;
			files = (
				BBCFE2412940BF658F2DA54B /* Pods_BlockChain_Coin.framework in Frameworks */,
			);
			runOnlyForDeploymentPostprocessing = 0;
		};
/* End PBXFrameworksBuildPhase section */

/* Begin PBXGroup section */
		0DB08BF8DD8FDB80CC4DDE0E /* Pods */ = {
			isa = PBXGroup;
			children = (
				FE987B8E95BB24446DE0C71C /* Pods-BlockChain-Coin.debug.xcconfig */,
				15AE16556D515C8C91FE1243 /* Pods-BlockChain-Coin.release.xcconfig */,
			);
			name = Pods;
			sourceTree = "<group>";
		};
		9C04362A202C908B00671DA2 = {
			isa = PBXGroup;
			children = (
				9C043635202C908B00671DA2 /* BlockChain-Coin */,
				9C043634202C908B00671DA2 /* Products */,
				0DB08BF8DD8FDB80CC4DDE0E /* Pods */,
				E7FB8072BE54AD3A07BF5178 /* Frameworks */,
			);
			sourceTree = "<group>";
		};
		9C043634202C908B00671DA2 /* Products */ = {
			isa = PBXGroup;
			children = (
				9C043633202C908B00671DA2 /* BlockChain-Coin.app */,
			);
			name = Products;
			sourceTree = "<group>";
		};
		9C043635202C908B00671DA2 /* BlockChain-Coin */ = {
			isa = PBXGroup;
			children = (
				9C04364A202C94B900671DA2 /* AppDelegate.swift */,
				9C043656202C94B900671DA2 /* Scenes */,
				9C043649202C94B900671DA2 /* Models */,
				9C04364D202C94B900671DA2 /* Services */,
				9C043654202C94B900671DA2 /* Workers */,
				9C0436AA202CDC4800671DA2 /* Extensions */,
				9C043655202C94B900671DA2 /* Common */,
				9C04364B202C94B900671DA2 /* Supporting Files */,
				9C04364E202C94B900671DA2 /* Assets */,
				9C043648202C94B800671DA2 /* BlockChain-Coin-Bridging-Header.h */,
			);
			path = "BlockChain-Coin";
			sourceTree = "<group>";
		};
		9C043649202C94B900671DA2 /* Models */ = {
			isa = PBXGroup;
			children = (
				9C043684202C9DE600671DA2 /* Job.swift */,
				9C043699202CD1EC00671DA2 /* Stats.swift */,
				9C4AA494203335000056152C /* Wallet.swift */,
				9C4AA4E4203490390056152C /* Balance.swift */,
			);
			path = Models;
			sourceTree = "<group>";
		};
		9C04364B202C94B900671DA2 /* Supporting Files */ = {
			isa = PBXGroup;
			children = (
				9C04364C202C94B900671DA2 /* Info.plist */,
				9C8A8F5A202DF90100F55736 /* R.generated.swift */,
			);
			path = "Supporting Files";
			sourceTree = "<group>";
		};
		9C04364D202C94B900671DA2 /* Services */ = {
			isa = PBXGroup;
			children = (
				9C043693202CC08400671DA2 /* Requests */,
				9C043694202CC08400671DA2 /* Responses */,
				9C043686202C9F8B00671DA2 /* PoolSocketClient.swift */,
				9C043680202C9C7800671DA2 /* CryptonightMiner.swift */,
				9C043688202CA50F00671DA2 /* PoolSocketClientDelegate.swift */,
				9C8A8F6A202EDA6500F55736 /* WalletRPC.swift */,
				9C8A8F6C202EDE0600F55736 /* WalletSocketClientDelegate.swift */,
				9C4AA4922033326F0056152C /* WalletDiskStore.swift */,
			);
			path = Services;
			sourceTree = "<group>";
		};
		9C04364E202C94B900671DA2 /* Assets */ = {
			isa = PBXGroup;
			children = (
				9C04364F202C94B900671DA2 /* Assets.xcassets */,
				9C043650202C94B900671DA2 /* LaunchScreen.storyboard */,
			);
			path = Assets;
			sourceTree = "<group>";
		};
		9C043654202C94B900671DA2 /* Workers */ = {
			isa = PBXGroup;
			children = (
				9C04367E202C98E900671DA2 /* MinerWorker.swift */,
				9C043682202C9CD700671DA2 /* PoolWorker.swift */,
				9C8A8F68202ED7B000F55736 /* WalletWorker.swift */,
			);
			path = Workers;
			sourceTree = "<group>";
		};
		9C043655202C94B900671DA2 /* Common */ = {
			isa = PBXGroup;
			children = (
				9C0436A8202CDC0A00671DA2 /* Reusable.swift */,
				9C8A8F5C202DFD4C00F55736 /* View.swift */,
				9C0436A6202CDBE500671DA2 /* TableViewCell.swift */,
				9C04367C202C975800671DA2 /* HashContext.h */,
				9C04367B202C975800671DA2 /* HashContext.mm */,
				9C04365E202C968D00671DA2 /* Cryptonight */,
				9C4AA46820332BC70056152C /* Ed25519 */,
			);
			path = Common;
			sourceTree = "<group>";
		};
		9C043656202C94B900671DA2 /* Scenes */ = {
			isa = PBXGroup;
			children = (
				9C04368A202CA88700671DA2 /* Mine */,
				9C8A8F64202E1AEF00F55736 /* ConfigureWallet */,
				9C4AA496203335130056152C /* ListWallets */,
				9C4AA4A620333D040056152C /* CreateWallet */,
				9C4AA4D420348B8A0056152C /* ShowWallet */,
			);
			path = Scenes;
			sourceTree = "<group>";
		};
		9C04365E202C968D00671DA2 /* Cryptonight */ = {
			isa = PBXGroup;
			children = (
				9C04365F202C968D00671DA2 /* keccak.c */,
				9C043660202C968D00671DA2 /* groestl.h */,
				9C043661202C968D00671DA2 /* oaes_config.h */,
				9C043662202C968D00671DA2 /* blake.c */,
				9C043663202C968D00671DA2 /* skein.h */,
				9C043664202C968D00671DA2 /* skein_port.h */,
				9C043665202C968D00671DA2 /* jh */,
				9C043668202C968D00671DA2 /* groestl_tables.h */,
				9C043669202C968D00671DA2 /* cryptonight.h */,
				9C04366A202C968D00671DA2 /* oaes_lib.c */,
				9C04366B202C968D00671DA2 /* aesb.h */,
				9C04366C202C968D00671DA2 /* groestl.c */,
				9C04366D202C968D00671DA2 /* keccak.h */,
				9C04366E202C968D00671DA2 /* oaes_lib.h */,
				9C04366F202C968D00671DA2 /* cryptonight.c */,
				9C043670202C968D00671DA2 /* skein.c */,
				9C043671202C968D00671DA2 /* blake.h */,
				9C043672202C968D00671DA2 /* aesb.c */,
			);
			path = Cryptonight;
			sourceTree = "<group>";
		};
		9C043665202C968D00671DA2 /* jh */ = {
			isa = PBXGroup;
			children = (
				9C043666202C968D00671DA2 /* jh.h */,
				9C043667202C968D00671DA2 /* jh_ansi_opt64.c */,
			);
			path = jh;
			sourceTree = "<group>";
		};
		9C04368A202CA88700671DA2 /* Mine */ = {
			isa = PBXGroup;
			children = (
				9C0436A3202CDBB900671DA2 /* Views */,
				9C0436A4202CDBC000671DA2 /* MineModels.swift */,
				9C04368B202CA89B00671DA2 /* MineVC.swift */,
				9C04369B202CDB9400671DA2 /* MineDataSource.swift */,
				9C04369D202CDB9D00671DA2 /* MineRouter.swift */,
				9C04369F202CDBA400671DA2 /* MineInteractor.swift */,
				9C0436A1202CDBAC00671DA2 /* MinePresenter.swift */,
			);
			path = Mine;
			sourceTree = "<group>";
		};
		9C043693202CC08400671DA2 /* Requests */ = {
			isa = PBXGroup;
			children = (
				9C8A8F72202EE13600F55736 /* Pool */,
				9C8A8F70202EE13600F55736 /* Wallet */,
			);
			path = Requests;
			sourceTree = "<group>";
		};
		9C043694202CC08400671DA2 /* Responses */ = {
			isa = PBXGroup;
			children = (
				9C8A8F7A202EE13D00F55736 /* Pool */,
				9C8A8F7B202EE13D00F55736 /* Wallet */,
			);
			path = Responses;
			sourceTree = "<group>";
		};
		9C0436A3202CDBB900671DA2 /* Views */ = {
			isa = PBXGroup;
			children = (
				9C8A8F5E202DFD7900F55736 /* PoolStatusView.swift */,
				9C8A8F62202E03B900F55736 /* MineStatCell.swift */,
			);
			path = Views;
			sourceTree = "<group>";
		};
		9C0436AA202CDC4800671DA2 /* Extensions */ = {
			isa = PBXGroup;
			children = (
				9C0436AB202CDC5100671DA2 /* UITableView+Register.swift */,
				9C8A8F60202DFDF300F55736 /* UIColor+Hex.swift */,
				9C4AA4CE203481360056152C /* Date+Format.swift */,
			);
			path = Extensions;
			sourceTree = "<group>";
		};
		9C4AA46820332BC70056152C /* Ed25519 */ = {
			isa = PBXGroup;
			children = (
				9C4AA46C20332C2B0056152C /* Error.swift */,
				9C4AA46A20332C2B0056152C /* KeyPair.swift */,
				9C4AA48120332C2B0056152C /* PrivateKey.swift */,
				9C4AA46920332C2B0056152C /* PublicKey.swift */,
				9C4AA46B20332C2B0056152C /* Seed.swift */,
			);
			path = Ed25519;
			sourceTree = "<group>";
		};
		9C4AA496203335130056152C /* ListWallets */ = {
			isa = PBXGroup;
			children = (
				9C4AA4A32033393D0056152C /* Views */,
				9C4AA4992033353C0056152C /* ListWalletsModels.swift */,
				9C4AA4972033351D0056152C /* ListWalletsVC.swift */,
				9C4AA49B203335460056152C /* ListWalletsDataSource.swift */,
				9C4AA49D2033354F0056152C /* ListWalletsRouter.swift */,
				9C4AA49F203335590056152C /* ListWalletsInteractor.swift */,
				9C4AA4A1203335610056152C /* ListWalletsPresenter.swift */,
			);
			path = ListWallets;
			sourceTree = "<group>";
		};
		9C4AA4A32033393D0056152C /* Views */ = {
			isa = PBXGroup;
			children = (
				9C4AA4A4203339460056152C /* ListWalletsCell.swift */,
			);
			path = Views;
			sourceTree = "<group>";
		};
		9C4AA4A620333D040056152C /* CreateWallet */ = {
			isa = PBXGroup;
			children = (
				9C4AA4B320333DA20056152C /* Views */,
				9C4AA4A920333D260056152C /* CreateWalletModels.swift */,
				9C4AA4A720333D140056152C /* CreateWalletVC.swift */,
				9C4AA4AB20333D380056152C /* CreateWalletDataSource.swift */,
				9C4AA4AD20333D400056152C /* CreateWalletRouter.swift */,
				9C4AA4AF20333D490056152C /* CreateWalletInteractor.swift */,
				9C4AA4B120333D510056152C /* CreateWalletPresenter.swift */,
			);
			name = CreateWallet;
			path = "BlockChain-Coin/Scenes/CreateWallet";
			sourceTree = SOURCE_ROOT;
		};
		9C4AA4B320333DA20056152C /* Views */ = {
			isa = PBXGroup;
			children = (
				9C4AA4B420333DB40056152C /* CreateWalletCell.swift */,
			);
			path = Views;
			sourceTree = "<group>";
		};
		9C4AA4D420348B8A0056152C /* ShowWallet */ = {
			isa = PBXGroup;
			children = (
				9C4AA4E120348F5D0056152C /* Views */,
				9C4AA4DF20348F4D0056152C /* ShowWalletModels.swift */,
				9C4AA4D520348BA70056152C /* ShowWalletVC.swift */,
				9C4AA4D720348F240056152C /* ShowWalletDataSource.swift */,
				9C4AA4D920348F2C0056152C /* ShowWalletRouter.swift */,
				9C4AA4DB20348F350056152C /* ShowWalletInteractor.swift */,
				9C4AA4DD20348F430056152C /* ShowWalletPresenter.swift */,
			);
			path = ShowWallet;
			sourceTree = "<group>";
		};
		9C4AA4E120348F5D0056152C /* Views */ = {
			isa = PBXGroup;
			children = (
				9C4AA4E220348F670056152C /* ShowWalletBalanceCell.swift */,
			);
			path = Views;
			sourceTree = "<group>";
		};
		9C8A8F64202E1AEF00F55736 /* ConfigureWallet */ = {
			isa = PBXGroup;
			children = (
				9C8A8F65202E1B0700F55736 /* ConfigureWalletVC.swift */,
			);
			path = ConfigureWallet;
			sourceTree = "<group>";
		};
		9C8A8F70202EE13600F55736 /* Wallet */ = {
			isa = PBXGroup;
			children = (
				9C8A8F71202EE13600F55736 /* WalletSocketRequest.swift */,
				9C4AA4B6203347CE0056152C /* WalletSocketAddRequest.swift */,
				9C4AA4D0203485420056152C /* WalletRPCGetBalanceRequest.swift */,
			);
			path = Wallet;
			sourceTree = "<group>";
		};
		9C8A8F72202EE13600F55736 /* Pool */ = {
			isa = PBXGroup;
			children = (
				9C8A8F73202EE13600F55736 /* PoolSocketRequest.swift */,
				9C8A8F74202EE13600F55736 /* PoolSocketSubmitJobRequest.swift */,
				9C8A8F75202EE13600F55736 /* PoolSocketLoginRequest.swift */,
			);
			path = Pool;
			sourceTree = "<group>";
		};
		9C8A8F7A202EE13D00F55736 /* Pool */ = {
			isa = PBXGroup;
			children = (
				9C8A8F7C202EE13D00F55736 /* PoolSocketJobResponse.swift */,
				9C8A8F7D202EE13D00F55736 /* PoolSocketJobNotificationResponse.swift */,
			);
			path = Pool;
			sourceTree = "<group>";
		};
		9C8A8F7B202EE13D00F55736 /* Wallet */ = {
			isa = PBXGroup;
			children = (
				9C4AA4B820334BB90056152C /* WalletSocketAddResponse.swift */,
				9C4AA4D22034887C0056152C /* WalletRPCGetBalanceResponse.swift */,
			);
			path = Wallet;
			sourceTree = "<group>";
		};
		E7FB8072BE54AD3A07BF5178 /* Frameworks */ = {
			isa = PBXGroup;
			children = (
				BA48FC4D40854E9793F5AC5B /* Pods_BlockChain_Coin.framework */,
			);
			name = Frameworks;
			sourceTree = "<group>";
		};
/* End PBXGroup section */

/* Begin PBXNativeTarget section */
		9C043632202C908B00671DA2 /* BlockChain-Coin */ = {
			isa = PBXNativeTarget;
			buildConfigurationList = 9C043645202C908B00671DA2 /* Build configuration list for PBXNativeTarget "BlockChain-Coin" */;
			buildPhases = (
				D81DD7203BF6FFE8B98F5988 /* [CP] Check Pods Manifest.lock */,
				9C8A8F59202DF8B300F55736 /* R.swift */,
				9C04362F202C908B00671DA2 /* Sources */,
				9C043630202C908B00671DA2 /* Frameworks */,
				9C043631202C908B00671DA2 /* Resources */,
				7BC59555B1269A6EB9FD2305 /* [CP] Embed Pods Frameworks */,
				A7878BB7F3EAA1350E40CE32 /* [CP] Copy Pods Resources */,
				9C8A8F67202E21CB00F55736 /* Crashlytics */,
			);
			buildRules = (
			);
			dependencies = (
			);
			name = "BlockChain-Coin";
			productName = "BlockChain-Coin";
			productReference = 9C043633202C908B00671DA2 /* BlockChain-Coin.app */;
			productType = "com.apple.product-type.application";
		};
/* End PBXNativeTarget section */

/* Begin PBXProject section */
		9C04362B202C908B00671DA2 /* Project object */ = {
			isa = PBXProject;
			attributes = {
				LastSwiftUpdateCheck = 0920;
				LastUpgradeCheck = 0920;
				ORGANIZATIONNAME = "BlockChain-Coin.net";
				TargetAttributes = {
					9C043632202C908B00671DA2 = {
						CreatedOnToolsVersion = 9.2;
						LastSwiftMigration = 0920;
						ProvisioningStyle = Manual;
					};
				};
			};
			buildConfigurationList = 9C04362E202C908B00671DA2 /* Build configuration list for PBXProject "BlockChain-Coin" */;
			compatibilityVersion = "Xcode 8.0";
			developmentRegion = en;
			hasScannedForEncodings = 0;
			knownRegions = (
				en,
				Base,
			);
			mainGroup = 9C04362A202C908B00671DA2;
			productRefGroup = 9C043634202C908B00671DA2 /* Products */;
			projectDirPath = "";
			projectRoot = "";
			targets = (
				9C043632202C908B00671DA2 /* BlockChain-Coin */,
			);
		};
/* End PBXProject section */

/* Begin PBXResourcesBuildPhase section */
		9C043631202C908B00671DA2 /* Resources */ = {
			isa = PBXResourcesBuildPhase;
			buildActionMask = 2147483647;
			files = (
				9C04365B202C94B900671DA2 /* LaunchScreen.storyboard in Resources */,
				9C04365A202C94B900671DA2 /* Assets.xcassets in Resources */,
			);
			runOnlyForDeploymentPostprocessing = 0;
		};
/* End PBXResourcesBuildPhase section */

/* Begin PBXShellScriptBuildPhase section */
		7BC59555B1269A6EB9FD2305 /* [CP] Embed Pods Frameworks */ = {
			isa = PBXShellScriptBuildPhase;
			buildActionMask = 2147483647;
			files = (
			);
			inputPaths = (
				"${SRCROOT}/Pods/Target Support Files/Pods-BlockChain-Coin/Pods-BlockChain-Coin-frameworks.sh",
				"${BUILT_PRODUCTS_DIR}/APIKit/APIKit.framework",
				"${BUILT_PRODUCTS_DIR}/CEd25519/CEd25519.framework",
				"${BUILT_PRODUCTS_DIR}/CocoaAsyncSocket/CocoaAsyncSocket.framework",
				"${BUILT_PRODUCTS_DIR}/JSONRPCKit/JSONRPCKit.framework",
				"${BUILT_PRODUCTS_DIR}/MBProgressHUD/MBProgressHUD.framework",
				"${BUILT_PRODUCTS_DIR}/NSData+FastHex/NSData_FastHex.framework",
				"${BUILT_PRODUCTS_DIR}/R.swift.Library/Rswift.framework",
				"${BUILT_PRODUCTS_DIR}/Result/Result.framework",
				"${BUILT_PRODUCTS_DIR}/SnapKit/SnapKit.framework",
				"${BUILT_PRODUCTS_DIR}/SwiftKeychainWrapper/SwiftKeychainWrapper.framework",
			);
			name = "[CP] Embed Pods Frameworks";
			outputPaths = (
				"${TARGET_BUILD_DIR}/${FRAMEWORKS_FOLDER_PATH}/APIKit.framework",
				"${TARGET_BUILD_DIR}/${FRAMEWORKS_FOLDER_PATH}/CEd25519.framework",
				"${TARGET_BUILD_DIR}/${FRAMEWORKS_FOLDER_PATH}/CocoaAsyncSocket.framework",
				"${TARGET_BUILD_DIR}/${FRAMEWORKS_FOLDER_PATH}/JSONRPCKit.framework",
				"${TARGET_BUILD_DIR}/${FRAMEWORKS_FOLDER_PATH}/MBProgressHUD.framework",
				"${TARGET_BUILD_DIR}/${FRAMEWORKS_FOLDER_PATH}/NSData_FastHex.framework",
				"${TARGET_BUILD_DIR}/${FRAMEWORKS_FOLDER_PATH}/Rswift.framework",
				"${TARGET_BUILD_DIR}/${FRAMEWORKS_FOLDER_PATH}/Result.framework",
				"${TARGET_BUILD_DIR}/${FRAMEWORKS_FOLDER_PATH}/SnapKit.framework",
				"${TARGET_BUILD_DIR}/${FRAMEWORKS_FOLDER_PATH}/SwiftKeychainWrapper.framework",
			);
			runOnlyForDeploymentPostprocessing = 0;
			shellPath = /bin/sh;
			shellScript = "\"${SRCROOT}/Pods/Target Support Files/Pods-BlockChain-Coin/Pods-BlockChain-Coin-frameworks.sh\"\n";
			showEnvVarsInLog = 0;
		};
		9C8A8F59202DF8B300F55736 /* R.swift */ = {
			isa = PBXShellScriptBuildPhase;
			buildActionMask = 2147483647;
			files = (
			);
			inputPaths = (
			);
			name = R.swift;
			outputPaths = (
			);
			runOnlyForDeploymentPostprocessing = 0;
			shellPath = /bin/sh;
			shellScript = "\"$PODS_ROOT/R.swift/rswift\" generate \"$SRCROOT\"";
		};
		9C8A8F67202E21CB00F55736 /* Crashlytics */ = {
			isa = PBXShellScriptBuildPhase;
			buildActionMask = 2147483647;
			files = (
			);
			inputPaths = (
			);
			name = Crashlytics;
			outputPaths = (
			);
			runOnlyForDeploymentPostprocessing = 0;
			shellPath = /bin/sh;
			shellScript = "./Fabric.framework/run 5c125ea22e04ebd8461f26d67ddc3cf0c99cfe8c 1712dbae323c0d1406326fe4b600d94d5de3dd477ef6474367e63f267eccbbba";
		};
		A7878BB7F3EAA1350E40CE32 /* [CP] Copy Pods Resources */ = {
			isa = PBXShellScriptBuildPhase;
			buildActionMask = 2147483647;
			files = (
			);
			inputPaths = (
			);
			name = "[CP] Copy Pods Resources";
			outputPaths = (
			);
			runOnlyForDeploymentPostprocessing = 0;
			shellPath = /bin/sh;
			shellScript = "\"${SRCROOT}/Pods/Target Support Files/Pods-BlockChain-Coin/Pods-BlockChain-Coin-resources.sh\"\n";
			showEnvVarsInLog = 0;
		};
		D81DD7203BF6FFE8B98F5988 /* [CP] Check Pods Manifest.lock */ = {
			isa = PBXShellScriptBuildPhase;
			buildActionMask = 2147483647;
			files = (
			);
			inputPaths = (
				"${PODS_PODFILE_DIR_PATH}/Podfile.lock",
				"${PODS_ROOT}/Manifest.lock",
			);
			name = "[CP] Check Pods Manifest.lock";
			outputPaths = (
				"$(DERIVED_FILE_DIR)/Pods-BlockChain-Coin-checkManifestLockResult.txt",
			);
			runOnlyForDeploymentPostprocessing = 0;
			shellPath = /bin/sh;
			shellScript = "diff \"${PODS_PODFILE_DIR_PATH}/Podfile.lock\" \"${PODS_ROOT}/Manifest.lock\" > /dev/null\nif [ $? != 0 ] ; then\n    # print error to STDERR\n    echo \"error: The sandbox is not in sync with the Podfile.lock. Run 'pod install' or update your CocoaPods installation.\" >&2\n    exit 1\nfi\n# This output is used by Xcode 'outputs' to avoid re-running this script phase.\necho \"SUCCESS\" > \"${SCRIPT_OUTPUT_FILE_0}\"\n";
			showEnvVarsInLog = 0;
		};
/* End PBXShellScriptBuildPhase section */

/* Begin PBXSourcesBuildPhase section */
		9C04362F202C908B00671DA2 /* Sources */ = {
			isa = PBXSourcesBuildPhase;
			buildActionMask = 2147483647;
			files = (
				9C4AA4DA20348F2C0056152C /* ShowWalletRouter.swift in Sources */,
				9C4AA495203335000056152C /* Wallet.swift in Sources */,
				9C04367D202C975800671DA2 /* HashContext.mm in Sources */,
				9C4AA4AA20333D260056152C /* CreateWalletModels.swift in Sources */,
				9C8A8F7F202EE13D00F55736 /* PoolSocketJobNotificationResponse.swift in Sources */,
				9C4AA4B7203347CE0056152C /* WalletSocketAddRequest.swift in Sources */,
				9C04369C202CDB9400671DA2 /* MineDataSource.swift in Sources */,
				9C4AA49A2033353C0056152C /* ListWalletsModels.swift in Sources */,
				9C4AA4A0203335590056152C /* ListWalletsInteractor.swift in Sources */,
				9C4AA4D620348BA70056152C /* ShowWalletVC.swift in Sources */,
				9C4AA4E320348F670056152C /* ShowWalletBalanceCell.swift in Sources */,
				9C8A8F79202EE13600F55736 /* PoolSocketLoginRequest.swift in Sources */,
				9C4AA4AE20333D400056152C /* CreateWalletRouter.swift in Sources */,
				9C8A8F7E202EE13D00F55736 /* PoolSocketJobResponse.swift in Sources */,
				9C8A8F66202E1B0700F55736 /* ConfigureWalletVC.swift in Sources */,
				9C0436A2202CDBAC00671DA2 /* MinePresenter.swift in Sources */,
				9C4AA4E5203490390056152C /* Balance.swift in Sources */,
				9C0436A5202CDBC000671DA2 /* MineModels.swift in Sources */,
				9C4AA4D1203485420056152C /* WalletRPCGetBalanceRequest.swift in Sources */,
				9C04367A202C968D00671DA2 /* aesb.c in Sources */,
				9C043687202C9F8B00671DA2 /* PoolSocketClient.swift in Sources */,
				9C4AA48420332C2B0056152C /* Seed.swift in Sources */,
				9C043678202C968D00671DA2 /* cryptonight.c in Sources */,
				9C8A8F5F202DFD7900F55736 /* PoolStatusView.swift in Sources */,
				9C043685202C9DE600671DA2 /* Job.swift in Sources */,
				9C04368C202CA89B00671DA2 /* MineVC.swift in Sources */,
				9C8A8F77202EE13600F55736 /* PoolSocketRequest.swift in Sources */,
				9C4AA4D32034887C0056152C /* WalletRPCGetBalanceResponse.swift in Sources */,
				9C4AA49C203335460056152C /* ListWalletsDataSource.swift in Sources */,
				9C8A8F76202EE13600F55736 /* WalletSocketRequest.swift in Sources */,
				9C8A8F63202E03B900F55736 /* MineStatCell.swift in Sources */,
				9C8A8F61202DFDF300F55736 /* UIColor+Hex.swift in Sources */,
				9C4AA4932033326F0056152C /* WalletDiskStore.swift in Sources */,
				9C04369E202CDB9D00671DA2 /* MineRouter.swift in Sources */,
				9C0436A7202CDBE500671DA2 /* TableViewCell.swift in Sources */,
				9C043673202C968D00671DA2 /* keccak.c in Sources */,
				9C4AA4DC20348F350056152C /* ShowWalletInteractor.swift in Sources */,
				9C4AA4D820348F240056152C /* ShowWalletDataSource.swift in Sources */,
				9C043683202C9CD700671DA2 /* PoolWorker.swift in Sources */,
				9C4AA48320332C2B0056152C /* KeyPair.swift in Sources */,
				9C4AA4A2203335610056152C /* ListWalletsPresenter.swift in Sources */,
				9C04369A202CD1EC00671DA2 /* Stats.swift in Sources */,
				9C4AA4B920334BB90056152C /* WalletSocketAddResponse.swift in Sources */,
				9C043689202CA50F00671DA2 /* PoolSocketClientDelegate.swift in Sources */,
				9C8A8F6B202EDA6500F55736 /* WalletRPC.swift in Sources */,
				9C8A8F78202EE13600F55736 /* PoolSocketSubmitJobRequest.swift in Sources */,
				9C043675202C968D00671DA2 /* jh_ansi_opt64.c in Sources */,
				9C4AA4B220333D510056152C /* CreateWalletPresenter.swift in Sources */,
				9C8A8F5D202DFD4C00F55736 /* View.swift in Sources */,
				9C4AA48220332C2B0056152C /* PublicKey.swift in Sources */,
				9C4AA4B020333D490056152C /* CreateWalletInteractor.swift in Sources */,
				9C4AA4A820333D140056152C /* CreateWalletVC.swift in Sources */,
				9C4AA49E2033354F0056152C /* ListWalletsRouter.swift in Sources */,
				9C043681202C9C7800671DA2 /* CryptonightMiner.swift in Sources */,
				9C0436A9202CDC0A00671DA2 /* Reusable.swift in Sources */,
				9C043658202C94B900671DA2 /* AppDelegate.swift in Sources */,
				9C4AA4E020348F4D0056152C /* ShowWalletModels.swift in Sources */,
				9C8A8F6D202EDE0600F55736 /* WalletSocketClientDelegate.swift in Sources */,
				9C043674202C968D00671DA2 /* blake.c in Sources */,
				9C0436A0202CDBA400671DA2 /* MineInteractor.swift in Sources */,
				9C4AA4CF203481360056152C /* Date+Format.swift in Sources */,
				9C4AA4982033351D0056152C /* ListWalletsVC.swift in Sources */,
				9C043679202C968D00671DA2 /* skein.c in Sources */,
				9C8A8F5B202DF90200F55736 /* R.generated.swift in Sources */,
				9C04367F202C98E900671DA2 /* MinerWorker.swift in Sources */,
				9C4AA4DE20348F430056152C /* ShowWalletPresenter.swift in Sources */,
				9C043676202C968D00671DA2 /* oaes_lib.c in Sources */,
				9C4AA4B520333DB40056152C /* CreateWalletCell.swift in Sources */,
				9C043677202C968D00671DA2 /* groestl.c in Sources */,
				9C8A8F69202ED7B000F55736 /* WalletWorker.swift in Sources */,
				9C4AA48520332C2B0056152C /* Error.swift in Sources */,
				9C0436AC202CDC5100671DA2 /* UITableView+Register.swift in Sources */,
				9C4AA49120332C2B0056152C /* PrivateKey.swift in Sources */,
				9C4AA4A5203339460056152C /* ListWalletsCell.swift in Sources */,
				9C4AA4AC20333D380056152C /* CreateWalletDataSource.swift in Sources */,
			);
			runOnlyForDeploymentPostprocessing = 0;
		};
/* End PBXSourcesBuildPhase section */

/* Begin PBXVariantGroup section */
		9C043650202C94B900671DA2 /* LaunchScreen.storyboard */ = {
			isa = PBXVariantGroup;
			children = (
				9C043651202C94B900671DA2 /* Base */,
			);
			name = LaunchScreen.storyboard;
			sourceTree = "<group>";
		};
/* End PBXVariantGroup section */

/* Begin XCBuildConfiguration section */
		9C043643202C908B00671DA2 /* Debug */ = {
			isa = XCBuildConfiguration;
			buildSettings = {
				ALWAYS_SEARCH_USER_PATHS = NO;
				CLANG_ANALYZER_NONNULL = YES;
				CLANG_ANALYZER_NUMBER_OBJECT_CONVERSION = YES_AGGRESSIVE;
				CLANG_CXX_LANGUAGE_STANDARD = "gnu++14";
				CLANG_CXX_LIBRARY = "libc++";
				CLANG_ENABLE_MODULES = YES;
				CLANG_ENABLE_OBJC_ARC = YES;
				CLANG_WARN_BLOCK_CAPTURE_AUTORELEASING = YES;
				CLANG_WARN_BOOL_CONVERSION = YES;
				CLANG_WARN_COMMA = YES;
				CLANG_WARN_CONSTANT_CONVERSION = YES;
				CLANG_WARN_DIRECT_OBJC_ISA_USAGE = YES_ERROR;
				CLANG_WARN_DOCUMENTATION_COMMENTS = YES;
				CLANG_WARN_EMPTY_BODY = YES;
				CLANG_WARN_ENUM_CONVERSION = YES;
				CLANG_WARN_INFINITE_RECURSION = YES;
				CLANG_WARN_INT_CONVERSION = YES;
				CLANG_WARN_NON_LITERAL_NULL_CONVERSION = YES;
				CLANG_WARN_OBJC_LITERAL_CONVERSION = YES;
				CLANG_WARN_OBJC_ROOT_CLASS = YES_ERROR;
				CLANG_WARN_RANGE_LOOP_ANALYSIS = YES;
				CLANG_WARN_STRICT_PROTOTYPES = YES;
				CLANG_WARN_SUSPICIOUS_MOVE = YES;
				CLANG_WARN_UNGUARDED_AVAILABILITY = YES_AGGRESSIVE;
				CLANG_WARN_UNREACHABLE_CODE = YES;
				CLANG_WARN__DUPLICATE_METHOD_MATCH = YES;
				CODE_SIGN_IDENTITY = "iPhone Developer";
				COPY_PHASE_STRIP = NO;
				DEBUG_INFORMATION_FORMAT = dwarf;
				ENABLE_STRICT_OBJC_MSGSEND = YES;
				ENABLE_TESTABILITY = YES;
				GCC_C_LANGUAGE_STANDARD = gnu11;
				GCC_DYNAMIC_NO_PIC = NO;
				GCC_NO_COMMON_BLOCKS = YES;
				GCC_OPTIMIZATION_LEVEL = 0;
				GCC_PREPROCESSOR_DEFINITIONS = (
					"DEBUG=1",
					"$(inherited)",
				);
				GCC_WARN_64_TO_32_BIT_CONVERSION = YES;
				GCC_WARN_ABOUT_RETURN_TYPE = YES_ERROR;
				GCC_WARN_UNDECLARED_SELECTOR = YES;
				GCC_WARN_UNINITIALIZED_AUTOS = YES_AGGRESSIVE;
				GCC_WARN_UNUSED_FUNCTION = YES;
				GCC_WARN_UNUSED_VARIABLE = YES;
				IPHONEOS_DEPLOYMENT_TARGET = 11.2;
				MTL_ENABLE_DEBUG_INFO = YES;
				ONLY_ACTIVE_ARCH = YES;
				SDKROOT = iphoneos;
				SWIFT_ACTIVE_COMPILATION_CONDITIONS = DEBUG;
				SWIFT_OPTIMIZATION_LEVEL = "-Onone";
			};
			name = Debug;
		};
		9C043644202C908B00671DA2 /* Release */ = {
			isa = XCBuildConfiguration;
			buildSettings = {
				ALWAYS_SEARCH_USER_PATHS = NO;
				CLANG_ANALYZER_NONNULL = YES;
				CLANG_ANALYZER_NUMBER_OBJECT_CONVERSION = YES_AGGRESSIVE;
				CLANG_CXX_LANGUAGE_STANDARD = "gnu++14";
				CLANG_CXX_LIBRARY = "libc++";
				CLANG_ENABLE_MODULES = YES;
				CLANG_ENABLE_OBJC_ARC = YES;
				CLANG_WARN_BLOCK_CAPTURE_AUTORELEASING = YES;
				CLANG_WARN_BOOL_CONVERSION = YES;
				CLANG_WARN_COMMA = YES;
				CLANG_WARN_CONSTANT_CONVERSION = YES;
				CLANG_WARN_DIRECT_OBJC_ISA_USAGE = YES_ERROR;
				CLANG_WARN_DOCUMENTATION_COMMENTS = YES;
				CLANG_WARN_EMPTY_BODY = YES;
				CLANG_WARN_ENUM_CONVERSION = YES;
				CLANG_WARN_INFINITE_RECURSION = YES;
				CLANG_WARN_INT_CONVERSION = YES;
				CLANG_WARN_NON_LITERAL_NULL_CONVERSION = YES;
				CLANG_WARN_OBJC_LITERAL_CONVERSION = YES;
				CLANG_WARN_OBJC_ROOT_CLASS = YES_ERROR;
				CLANG_WARN_RANGE_LOOP_ANALYSIS = YES;
				CLANG_WARN_STRICT_PROTOTYPES = YES;
				CLANG_WARN_SUSPICIOUS_MOVE = YES;
				CLANG_WARN_UNGUARDED_AVAILABILITY = YES_AGGRESSIVE;
				CLANG_WARN_UNREACHABLE_CODE = YES;
				CLANG_WARN__DUPLICATE_METHOD_MATCH = YES;
				CODE_SIGN_IDENTITY = "iPhone Developer";
				COPY_PHASE_STRIP = NO;
				DEBUG_INFORMATION_FORMAT = "dwarf-with-dsym";
				ENABLE_NS_ASSERTIONS = NO;
				ENABLE_STRICT_OBJC_MSGSEND = YES;
				GCC_C_LANGUAGE_STANDARD = gnu11;
				GCC_NO_COMMON_BLOCKS = YES;
				GCC_WARN_64_TO_32_BIT_CONVERSION = YES;
				GCC_WARN_ABOUT_RETURN_TYPE = YES_ERROR;
				GCC_WARN_UNDECLARED_SELECTOR = YES;
				GCC_WARN_UNINITIALIZED_AUTOS = YES_AGGRESSIVE;
				GCC_WARN_UNUSED_FUNCTION = YES;
				GCC_WARN_UNUSED_VARIABLE = YES;
				IPHONEOS_DEPLOYMENT_TARGET = 11.2;
				MTL_ENABLE_DEBUG_INFO = NO;
				SDKROOT = iphoneos;
				SWIFT_OPTIMIZATION_LEVEL = "-Owholemodule";
				VALIDATE_PRODUCT = YES;
			};
			name = Release;
		};
		9C043646202C908B00671DA2 /* Debug */ = {
			isa = XCBuildConfiguration;
			baseConfigurationReference = FE987B8E95BB24446DE0C71C /* Pods-BlockChain-Coin.debug.xcconfig */;
			buildSettings = {
				ASSETCATALOG_COMPILER_APPICON_NAME = AppIcon;
				CLANG_ENABLE_MODULES = YES;
				"CODE_SIGN_IDENTITY[sdk=iphoneos*]" = "iPhone Distribution";
				CODE_SIGN_STYLE = Manual;
				DEVELOPMENT_TEAM = UV2JYV8RQQ;
				INFOPLIST_FILE = "$(SRCROOT)/BlockChain-Coin/Supporting Files/Info.plist";
				IPHONEOS_DEPLOYMENT_TARGET = 10.0;
				LD_RUNPATH_SEARCH_PATHS = "$(inherited) @executable_path/Frameworks";
				PRODUCT_BUNDLE_IDENTIFIER = "net.blockchain-coin.ios";
				PRODUCT_NAME = "$(TARGET_NAME)";
				PROVISIONING_PROFILE = "09f65fac-bbb3-4548-9c6f-16ddd64f1106";
				PROVISIONING_PROFILE_SPECIFIER = "BlockChain Coin";
				SWIFT_OBJC_BRIDGING_HEADER = "BlockChain-Coin/BlockChain-Coin-Bridging-Header.h";
				SWIFT_OPTIMIZATION_LEVEL = "-Onone";
				SWIFT_VERSION = 4.0;
				TARGETED_DEVICE_FAMILY = "1,2";
			};
			name = Debug;
		};
		9C043647202C908B00671DA2 /* Release */ = {
			isa = XCBuildConfiguration;
			baseConfigurationReference = 15AE16556D515C8C91FE1243 /* Pods-BlockChain-Coin.release.xcconfig */;
			buildSettings = {
				ASSETCATALOG_COMPILER_APPICON_NAME = AppIcon;
				CLANG_ENABLE_MODULES = YES;
				"CODE_SIGN_IDENTITY[sdk=iphoneos*]" = "iPhone Distribution";
				CODE_SIGN_STYLE = Manual;
				DEVELOPMENT_TEAM = UV2JYV8RQQ;
				INFOPLIST_FILE = "$(SRCROOT)/BlockChain-Coin/Supporting Files/Info.plist";
				IPHONEOS_DEPLOYMENT_TARGET = 10.0;
				LD_RUNPATH_SEARCH_PATHS = "$(inherited) @executable_path/Frameworks";
				PRODUCT_BUNDLE_IDENTIFIER = "net.blockchain-coin.ios";
				PRODUCT_NAME = "$(TARGET_NAME)";
				PROVISIONING_PROFILE = "09f65fac-bbb3-4548-9c6f-16ddd64f1106";
				PROVISIONING_PROFILE_SPECIFIER = "BlockChain Coin";
				SWIFT_OBJC_BRIDGING_HEADER = "BlockChain-Coin/BlockChain-Coin-Bridging-Header.h";
				SWIFT_VERSION = 4.0;
				TARGETED_DEVICE_FAMILY = "1,2";
			};
			name = Release;
		};
/* End XCBuildConfiguration section */

/* Begin XCConfigurationList section */
		9C04362E202C908B00671DA2 /* Build configuration list for PBXProject "BlockChain-Coin" */ = {
			isa = XCConfigurationList;
			buildConfigurations = (
				9C043643202C908B00671DA2 /* Debug */,
				9C043644202C908B00671DA2 /* Release */,
			);
			defaultConfigurationIsVisible = 0;
			defaultConfigurationName = Release;
		};
		9C043645202C908B00671DA2 /* Build configuration list for PBXNativeTarget "BlockChain-Coin" */ = {
			isa = XCConfigurationList;
			buildConfigurations = (
				9C043646202C908B00671DA2 /* Debug */,
				9C043647202C908B00671DA2 /* Release */,
			);
			defaultConfigurationIsVisible = 0;
			defaultConfigurationName = Release;
		};
/* End XCConfigurationList section */
	};
	rootObject = 9C04362B202C908B00671DA2 /* Project object */;
}
